// !$*UTF8*$!
{
	archiveVersion = 1;
	classes = {
	};
	objectVersion = 56;
	objects = {

/* Begin PBXBuildFile section */
		F7C31D782AC2CE2E008DAA21 /* AppDelegate.swift in Sources */ = {isa = PBXBuildFile; fileRef = F7C31D772AC2CE2E008DAA21 /* AppDelegate.swift */; };
		F7C31D7A2AC2CE2F008DAA21 /* SceneDelegate.swift in Sources */ = {isa = PBXBuildFile; fileRef = F7C31D792AC2CE2F008DAA21 /* SceneDelegate.swift */; };
		F7C31D7C2AC2CE2F008DAA21 /* ViewController.swift in Sources */ = {isa = PBXBuildFile; fileRef = F7C31D7B2AC2CE2F008DAA21 /* ViewController.swift */; };
		F7C31D812AC2CE30008DAA21 /* Assets.xcassets in Resources */ = {isa = PBXBuildFile; fileRef = F7C31D802AC2CE30008DAA21 /* Assets.xcassets */; };
		F7C31D842AC2CE30008DAA21 /* LaunchScreen.storyboard in Resources */ = {isa = PBXBuildFile; fileRef = F7C31D822AC2CE30008DAA21 /* LaunchScreen.storyboard */; };
		F7C31D8C2AC2CE9C008DAA21 /* .gitignore in Resources */ = {isa = PBXBuildFile; fileRef = F7C31D8B2AC2CE9C008DAA21 /* .gitignore */; };
		F7C31D922AC2CFEA008DAA21 /* APIKey.swift in Sources */ = {isa = PBXBuildFile; fileRef = F7C31D912AC2CFEA008DAA21 /* APIKey.swift */; };
/* End PBXBuildFile section */

/* Begin PBXFileReference section */
		F7C31D742AC2CE2E008DAA21 /* HomeRefrigeratorManagement.app */ = {isa = PBXFileReference; explicitFileType = wrapper.application; includeInIndex = 0; path = HomeRefrigeratorManagement.app; sourceTree = BUILT_PRODUCTS_DIR; };
		F7C31D772AC2CE2E008DAA21 /* AppDelegate.swift */ = {isa = PBXFileReference; lastKnownFileType = sourcecode.swift; path = AppDelegate.swift; sourceTree = "<group>"; };
		F7C31D792AC2CE2F008DAA21 /* SceneDelegate.swift */ = {isa = PBXFileReference; lastKnownFileType = sourcecode.swift; path = SceneDelegate.swift; sourceTree = "<group>"; };
		F7C31D7B2AC2CE2F008DAA21 /* ViewController.swift */ = {isa = PBXFileReference; lastKnownFileType = sourcecode.swift; path = ViewController.swift; sourceTree = "<group>"; };
		F7C31D802AC2CE30008DAA21 /* Assets.xcassets */ = {isa = PBXFileReference; lastKnownFileType = folder.assetcatalog; path = Assets.xcassets; sourceTree = "<group>"; };
		F7C31D832AC2CE30008DAA21 /* Base */ = {isa = PBXFileReference; lastKnownFileType = file.storyboard; name = Base; path = Base.lproj/LaunchScreen.storyboard; sourceTree = "<group>"; };
		F7C31D852AC2CE30008DAA21 /* Info.plist */ = {isa = PBXFileReference; lastKnownFileType = text.plist.xml; path = Info.plist; sourceTree = "<group>"; };
		F7C31D8B2AC2CE9C008DAA21 /* .gitignore */ = {isa = PBXFileReference; lastKnownFileType = text; path = .gitignore; sourceTree = "<group>"; };
		F7C31D912AC2CFEA008DAA21 /* APIKey.swift */ = {isa = PBXFileReference; lastKnownFileType = sourcecode.swift; path = APIKey.swift; sourceTree = "<group>"; };
/* End PBXFileReference section */

/* Begin PBXFrameworksBuildPhase section */
		F7C31D712AC2CE2E008DAA21 /* Frameworks */ = {
			isa = PBXFrameworksBuildPhase;
			buildActionMask = 2147483647;
			files = (
			);
			runOnlyForDeploymentPostprocessing = 0;
		};
/* End PBXFrameworksBuildPhase section */

/* Begin PBXGroup section */
		F7C31D6B2AC2CE2E008DAA21 = {
			isa = PBXGroup;
			children = (
				F7C31D762AC2CE2E008DAA21 /* HomeRefrigeratorManagement */,
				F7C31D752AC2CE2E008DAA21 /* Products */,
			);
			sourceTree = "<group>";
		};
		F7C31D752AC2CE2E008DAA21 /* Products */ = {
			isa = PBXGroup;
			children = (
				F7C31D742AC2CE2E008DAA21 /* HomeRefrigeratorManagement.app */,
			);
			name = Products;
			sourceTree = "<group>";
		};
		F7C31D762AC2CE2E008DAA21 /* HomeRefrigeratorManagement */ = {
			isa = PBXGroup;
			children = (
				F7C31D772AC2CE2E008DAA21 /* AppDelegate.swift */,
				F7C31D792AC2CE2F008DAA21 /* SceneDelegate.swift */,
				F7C31D902AC2CFD6008DAA21 /* Network */,
				F7C31D8F2AC2CFCE008DAA21 /* Model */,
				F7C31D8D2AC2CFBE008DAA21 /* View */,
				F7C31D8E2AC2CFC9008DAA21 /* ViewModel */,
				F7C31D802AC2CE30008DAA21 /* Assets.xcassets */,
				F7C31D822AC2CE30008DAA21 /* LaunchScreen.storyboard */,
				F7C31D852AC2CE30008DAA21 /* Info.plist */,
				F7C31D8B2AC2CE9C008DAA21 /* .gitignore */,
			);
			path = HomeRefrigeratorManagement;
			sourceTree = "<group>";
		};
		F7C31D8D2AC2CFBE008DAA21 /* View */ = {
			isa = PBXGroup;
			children = (
				F7C31D7B2AC2CE2F008DAA21 /* ViewController.swift */,
			);
			path = View;
			sourceTree = "<group>";
		};
		F7C31D8E2AC2CFC9008DAA21 /* ViewModel */ = {
			isa = PBXGroup;
			children = (
			);
			path = ViewModel;
			sourceTree = "<group>";
		};
		F7C31D8F2AC2CFCE008DAA21 /* Model */ = {
			isa = PBXGroup;
			children = (
			);
			path = Model;
			sourceTree = "<group>";
		};
		F7C31D902AC2CFD6008DAA21 /* Network */ = {
			isa = PBXGroup;
			children = (
				F7C31D912AC2CFEA008DAA21 /* APIKey.swift */,
			);
			path = Network;
			sourceTree = "<group>";
		};
/* End PBXGroup section */

/* Begin PBXNativeTarget section */
		F7C31D732AC2CE2E008DAA21 /* HomeRefrigeratorManagement */ = {
			isa = PBXNativeTarget;
			buildConfigurationList = F7C31D882AC2CE30008DAA21 /* Build configuration list for PBXNativeTarget "HomeRefrigeratorManagement" */;
			buildPhases = (
				F7C31D702AC2CE2E008DAA21 /* Sources */,
				F7C31D712AC2CE2E008DAA21 /* Frameworks */,
				F7C31D722AC2CE2E008DAA21 /* Resources */,
			);
			buildRules = (
			);
			dependencies = (
			);
			name = HomeRefrigeratorManagement;
			productName = HomeRefrigeratorManagement;
			productReference = F7C31D742AC2CE2E008DAA21 /* HomeRefrigeratorManagement.app */;
			productType = "com.apple.product-type.application";
		};
/* End PBXNativeTarget section */

/* Begin PBXProject section */
		F7C31D6C2AC2CE2E008DAA21 /* Project object */ = {
			isa = PBXProject;
			attributes = {
				BuildIndependentTargetsInParallel = 1;
				LastSwiftUpdateCheck = 1430;
				LastUpgradeCheck = 1430;
				TargetAttributes = {
					F7C31D732AC2CE2E008DAA21 = {
						CreatedOnToolsVersion = 14.3.1;
					};
				};
			};
			buildConfigurationList = F7C31D6F2AC2CE2E008DAA21 /* Build configuration list for PBXProject "HomeRefrigeratorManagement" */;
			compatibilityVersion = "Xcode 14.0";
			developmentRegion = en;
			hasScannedForEncodings = 0;
			knownRegions = (
				en,
				Base,
			);
			mainGroup = F7C31D6B2AC2CE2E008DAA21;
			productRefGroup = F7C31D752AC2CE2E008DAA21 /* Products */;
			projectDirPath = "";
			projectRoot = "";
			targets = (
				F7C31D732AC2CE2E008DAA21 /* HomeRefrigeratorManagement */,
			);
		};
/* End PBXProject section */

/* Begin PBXResourcesBuildPhase section */
		F7C31D722AC2CE2E008DAA21 /* Resources */ = {
			isa = PBXResourcesBuildPhase;
			buildActionMask = 2147483647;
			files = (
				F7C31D8C2AC2CE9C008DAA21 /* .gitignore in Resources */,
				F7C31D842AC2CE30008DAA21 /* LaunchScreen.storyboard in Resources */,
				F7C31D812AC2CE30008DAA21 /* Assets.xcassets in Resources */,
			);
			runOnlyForDeploymentPostprocessing = 0;
		};
/* End PBXResourcesBuildPhase section */

/* Begin PBXSourcesBuildPhase section */
		F7C31D702AC2CE2E008DAA21 /* Sources */ = {
			isa = PBXSourcesBuildPhase;
			buildActionMask = 2147483647;
			files = (
				F7C31D7C2AC2CE2F008DAA21 /* ViewController.swift in Sources */,
				F7C31D782AC2CE2E008DAA21 /* AppDelegate.swift in Sources */,
				F7C31D922AC2CFEA008DAA21 /* APIKey.swift in Sources */,
				F7C31D7A2AC2CE2F008DAA21 /* SceneDelegate.swift in Sources */,
			);
			runOnlyForDeploymentPostprocessing = 0;
		};
/* End PBXSourcesBuildPhase section */

/* Begin PBXVariantGroup section */
		F7C31D822AC2CE30008DAA21 /* LaunchScreen.storyboard */ = {
			isa = PBXVariantGroup;
			children = (
				F7C31D832AC2CE30008DAA21 /* Base */,
			);
			name = LaunchScreen.storyboard;
			sourceTree = "<group>";
		};
/* End PBXVariantGroup section */

/* Begin XCBuildConfiguration section */
		F7C31D862AC2CE30008DAA21 /* Debug */ = {
			isa = XCBuildConfiguration;
			buildSettings = {
				ALWAYS_SEARCH_USER_PATHS = NO;
				CLANG_ANALYZER_NONNULL = YES;
				CLANG_ANALYZER_NUMBER_OBJECT_CONVERSION = YES_AGGRESSIVE;
				CLANG_CXX_LANGUAGE_STANDARD = "gnu++20";
				CLANG_ENABLE_MODULES = YES;
				CLANG_ENABLE_OBJC_ARC = YES;
				CLANG_ENABLE_OBJC_WEAK = YES;
				CLANG_WARN_BLOCK_CAPTURE_AUTORELEASING = YES;
				CLANG_WARN_BOOL_CONVERSION = YES;
				CLANG_WARN_COMMA = YES;
				CLANG_WARN_CONSTANT_CONVERSION = YES;
				CLANG_WARN_DEPRECATED_OBJC_IMPLEMENTATIONS = YES;
				CLANG_WARN_DIRECT_OBJC_ISA_USAGE = YES_ERROR;
				CLANG_WARN_DOCUMENTATION_COMMENTS = YES;
				CLANG_WARN_EMPTY_BODY = YES;
				CLANG_WARN_ENUM_CONVERSION = YES;
				CLANG_WARN_INFINITE_RECURSION = YES;
				CLANG_WARN_INT_CONVERSION = YES;
				CLANG_WARN_NON_LITERAL_NULL_CONVERSION = YES;
				CLANG_WARN_OBJC_IMPLICIT_RETAIN_SELF = YES;
				CLANG_WARN_OBJC_LITERAL_CONVERSION = YES;
				CLANG_WARN_OBJC_ROOT_CLASS = YES_ERROR;
				CLANG_WARN_QUOTED_INCLUDE_IN_FRAMEWORK_HEADER = YES;
				CLANG_WARN_RANGE_LOOP_ANALYSIS = YES;
				CLANG_WARN_STRICT_PROTOTYPES = YES;
				CLANG_WARN_SUSPICIOUS_MOVE = YES;
				CLANG_WARN_UNGUARDED_AVAILABILITY = YES_AGGRESSIVE;
				CLANG_WARN_UNREACHABLE_CODE = YES;
				CLANG_WARN__DUPLICATE_METHOD_MATCH = YES;
				COPY_PHASE_STRIP = NO;
				DEBUG_INFORMATION_FORMAT = dwarf;
				ENABLE_STRICT_OBJC_MSGSEND = YES;
				ENABLE_TESTABILITY = YES;
				GCC_C_LANGUAGE_STANDARD = gnu11;
				GCC_DYNAMIC_NO_PIC = NO;
				GCC_NO_COMMON_BLOCKS = YES;
				GCC_OPTIMIZATION_LEVEL = 0;
				GCC_PREPROCESSOR_DEFINITIONS = (
					"DEBUG=1",
					"$(inherited)",
				);
				GCC_WARN_64_TO_32_BIT_CONVERSION = YES;
				GCC_WARN_ABOUT_RETURN_TYPE = YES_ERROR;
				GCC_WARN_UNDECLARED_SELECTOR = YES;
				GCC_WARN_UNINITIALIZED_AUTOS = YES_AGGRESSIVE;
				GCC_WARN_UNUSED_FUNCTION = YES;
				GCC_WARN_UNUSED_VARIABLE = YES;
				IPHONEOS_DEPLOYMENT_TARGET = 16.4;
				MTL_ENABLE_DEBUG_INFO = INCLUDE_SOURCE;
				MTL_FAST_MATH = YES;
				ONLY_ACTIVE_ARCH = YES;
				SDKROOT = iphoneos;
				SWIFT_ACTIVE_COMPILATION_CONDITIONS = DEBUG;
				SWIFT_OPTIMIZATION_LEVEL = "-Onone";
			};
			name = Debug;
		};
		F7C31D872AC2CE30008DAA21 /* Release */ = {
			isa = XCBuildConfiguration;
			buildSettings = {
				ALWAYS_SEARCH_USER_PATHS = NO;
				CLANG_ANALYZER_NONNULL = YES;
				CLANG_ANALYZER_NUMBER_OBJECT_CONVERSION = YES_AGGRESSIVE;
				CLANG_CXX_LANGUAGE_STANDARD = "gnu++20";
				CLANG_ENABLE_MODULES = YES;
				CLANG_ENABLE_OBJC_ARC = YES;
				CLANG_ENABLE_OBJC_WEAK = YES;
				CLANG_WARN_BLOCK_CAPTURE_AUTORELEASING = YES;
				CLANG_WARN_BOOL_CONVERSION = YES;
				CLANG_WARN_COMMA = YES;
				CLANG_WARN_CONSTANT_CONVERSION = YES;
				CLANG_WARN_DEPRECATED_OBJC_IMPLEMENTATIONS = YES;
				CLANG_WARN_DIRECT_OBJC_ISA_USAGE = YES_ERROR;
				CLANG_WARN_DOCUMENTATION_COMMENTS = YES;
				CLANG_WARN_EMPTY_BODY = YES;
				CLANG_WARN_ENUM_CONVERSION = YES;
				CLANG_WARN_INFINITE_RECURSION = YES;
				CLANG_WARN_INT_CONVERSION = YES;
				CLANG_WARN_NON_LITERAL_NULL_CONVERSION = YES;
				CLANG_WARN_OBJC_IMPLICIT_RETAIN_SELF = YES;
				CLANG_WARN_OBJC_LITERAL_CONVERSION = YES;
				CLANG_WARN_OBJC_ROOT_CLASS = YES_ERROR;
				CLANG_WARN_QUOTED_INCLUDE_IN_FRAMEWORK_HEADER = YES;
				CLANG_WARN_RANGE_LOOP_ANALYSIS = YES;
				CLANG_WARN_STRICT_PROTOTYPES = YES;
				CLANG_WARN_SUSPICIOUS_MOVE = YES;
				CLANG_WARN_UNGUARDED_AVAILABILITY = YES_AGGRESSIVE;
				CLANG_WARN_UNREACHABLE_CODE = YES;
				CLANG_WARN__DUPLICATE_METHOD_MATCH = YES;
				COPY_PHASE_STRIP = NO;
				DEBUG_INFORMATION_FORMAT = "dwarf-with-dsym";
				ENABLE_NS_ASSERTIONS = NO;
				ENABLE_STRICT_OBJC_MSGSEND = YES;
				GCC_C_LANGUAGE_STANDARD = gnu11;
				GCC_NO_COMMON_BLOCKS = YES;
				GCC_WARN_64_TO_32_BIT_CONVERSION = YES;
				GCC_WARN_ABOUT_RETURN_TYPE = YES_ERROR;
				GCC_WARN_UNDECLARED_SELECTOR = YES;
				GCC_WARN_UNINITIALIZED_AUTOS = YES_AGGRESSIVE;
				GCC_WARN_UNUSED_FUNCTION = YES;
				GCC_WARN_UNUSED_VARIABLE = YES;
				IPHONEOS_DEPLOYMENT_TARGET = 16.4;
				MTL_ENABLE_DEBUG_INFO = NO;
				MTL_FAST_MATH = YES;
				SDKROOT = iphoneos;
				SWIFT_COMPILATION_MODE = wholemodule;
				SWIFT_OPTIMIZATION_LEVEL = "-O";
				VALIDATE_PRODUCT = YES;
			};
			name = Release;
		};
		F7C31D892AC2CE30008DAA21 /* Debug */ = {
			isa = XCBuildConfiguration;
			buildSettings = {
				ASSETCATALOG_COMPILER_APPICON_NAME = AppIcon;
				ASSETCATALOG_COMPILER_GLOBAL_ACCENT_COLOR_NAME = AccentColor;
				CODE_SIGN_STYLE = Automatic;
				CURRENT_PROJECT_VERSION = 1;
				DEVELOPMENT_TEAM = 2K3Y93YF8Z;
				GENERATE_INFOPLIST_FILE = YES;
				INFOPLIST_FILE = HomeRefrigeratorManagement/Info.plist;
				INFOPLIST_KEY_UIApplicationSupportsIndirectInputEvents = YES;
				INFOPLIST_KEY_UILaunchStoryboardName = LaunchScreen;
				INFOPLIST_KEY_UIMainStoryboardFile = "";
				INFOPLIST_KEY_UIStatusBarStyle = "";
				INFOPLIST_KEY_UISupportedInterfaceOrientations = UIInterfaceOrientationPortrait;
				INFOPLIST_KEY_UISupportedInterfaceOrientations_iPad = "UIInterfaceOrientationLandscapeLeft UIInterfaceOrientationLandscapeRight UIInterfaceOrientationPortrait UIInterfaceOrientationPortraitUpsideDown";
				IPHONEOS_DEPLOYMENT_TARGET = 15.0;
				LD_RUNPATH_SEARCH_PATHS = (
					"$(inherited)",
					"@executable_path/Frameworks",
				);
				MARKETING_VERSION = 1.0;
				PRODUCT_BUNDLE_IDENTIFIER = com.hans.HomeRefrigeratorManagement;
				PRODUCT_NAME = "$(TARGET_NAME)";
				SUPPORTED_PLATFORMS = "iphoneos iphonesimulator";
				SUPPORTS_MACCATALYST = NO;
				SUPPORTS_MAC_DESIGNED_FOR_IPHONE_IPAD = NO;
				SWIFT_EMIT_LOC_STRINGS = YES;
				SWIFT_VERSION = 5.0;
				TARGETED_DEVICE_FAMILY = 1;
			};
			name = Debug;
		};
		F7C31D8A2AC2CE30008DAA21 /* Release */ = {
			isa = XCBuildConfiguration;
			buildSettings = {
				ASSETCATALOG_COMPILER_APPICON_NAME = AppIcon;
				ASSETCATALOG_COMPILER_GLOBAL_ACCENT_COLOR_NAME = AccentColor;
				CODE_SIGN_STYLE = Automatic;
				CURRENT_PROJECT_VERSION = 1;
				DEVELOPMENT_TEAM = 2K3Y93YF8Z;
				GENERATE_INFOPLIST_FILE = YES;
				INFOPLIST_FILE = HomeRefrigeratorManagement/Info.plist;
				INFOPLIST_KEY_UIApplicationSupportsIndirectInputEvents = YES;
				INFOPLIST_KEY_UILaunchStoryboardName = LaunchScreen;
				INFOPLIST_KEY_UIMainStoryboardFile = "";
				INFOPLIST_KEY_UIStatusBarStyle = "";
				INFOPLIST_KEY_UISupportedInterfaceOrientations = UIInterfaceOrientationPortrait;
				INFOPLIST_KEY_UISupportedInterfaceOrientations_iPad = "UIInterfaceOrientationLandscapeLeft UIInterfaceOrientationLandscapeRight UIInterfaceOrientationPortrait UIInterfaceOrientationPortraitUpsideDown";
				IPHONEOS_DEPLOYMENT_TARGET = 15.0;
				LD_RUNPATH_SEARCH_PATHS = (
					"$(inherited)",
					"@executable_path/Frameworks",
				);
				MARKETING_VERSION = 1.0;
				PRODUCT_BUNDLE_IDENTIFIER = com.hans.HomeRefrigeratorManagement;
				PRODUCT_NAME = "$(TARGET_NAME)";
				SUPPORTED_PLATFORMS = "iphoneos iphonesimulator";
				SUPPORTS_MACCATALYST = NO;
				SUPPORTS_MAC_DESIGNED_FOR_IPHONE_IPAD = NO;
				SWIFT_EMIT_LOC_STRINGS = YES;
				SWIFT_VERSION = 5.0;
				TARGETED_DEVICE_FAMILY = 1;
			};
			name = Release;
		};
/* End XCBuildConfiguration section */

/* Begin XCConfigurationList section */
		F7C31D6F2AC2CE2E008DAA21 /* Build configuration list for PBXProject "HomeRefrigeratorManagement" */ = {
			isa = XCConfigurationList;
			buildConfigurations = (
				F7C31D862AC2CE30008DAA21 /* Debug */,
				F7C31D872AC2CE30008DAA21 /* Release */,
			);
			defaultConfigurationIsVisible = 0;
			defaultConfigurationName = Release;
		};
		F7C31D882AC2CE30008DAA21 /* Build configuration list for PBXNativeTarget "HomeRefrigeratorManagement" */ = {
			isa = XCConfigurationList;
			buildConfigurations = (
				F7C31D892AC2CE30008DAA21 /* Debug */,
				F7C31D8A2AC2CE30008DAA21 /* Release */,
			);
			defaultConfigurationIsVisible = 0;
			defaultConfigurationName = Release;
		};
/* End XCConfigurationList section */
	};
	rootObject = F7C31D6C2AC2CE2E008DAA21 /* Project object */;
}
