// !$*UTF8*$!
{
	archiveVersion = 1;
	classes = {
	};
	objectVersion = 56;
	objects = {

/* Begin PBXBuildFile section */
		F7248A372AD9329100D768DF /* SafariActivity.swift in Sources */ = {isa = PBXBuildFile; fileRef = F7248A362AD9329100D768DF /* SafariActivity.swift */; };
		F7248A3A2AD963E600D768DF /* FoodManagementCollectionViewHeaderView.swift in Sources */ = {isa = PBXBuildFile; fileRef = F7248A392AD963E600D768DF /* FoodManagementCollectionViewHeaderView.swift */; };
		F7289E4A2AD1BB9500E092C6 /* Results+Extension.swift in Sources */ = {isa = PBXBuildFile; fileRef = F7289E492AD1BB9500E092C6 /* Results+Extension.swift */; };
		F7289E4C2AD2C05400E092C6 /* FoodDetailManagementViewController.swift in Sources */ = {isa = PBXBuildFile; fileRef = F7289E4B2AD2C05400E092C6 /* FoodDetailManagementViewController.swift */; };
		F7289E4E2AD2C60300E092C6 /* FoodDetailManagementViewModel.swift in Sources */ = {isa = PBXBuildFile; fileRef = F7289E4D2AD2C60300E092C6 /* FoodDetailManagementViewModel.swift */; };
		F7289E502AD2E99900E092C6 /* FoodDetailManagementView.swift in Sources */ = {isa = PBXBuildFile; fileRef = F7289E4F2AD2E99900E092C6 /* FoodDetailManagementView.swift */; };
		F7289E532AD3CDF700E092C6 /* GlobalEnum.swift in Sources */ = {isa = PBXBuildFile; fileRef = F7289E522AD3CDF700E092C6 /* GlobalEnum.swift */; };
		F7289E582AD50CF800E092C6 /* IQKeyboardManagerSwift in Frameworks */ = {isa = PBXBuildFile; productRef = F7289E572AD50CF800E092C6 /* IQKeyboardManagerSwift */; };
		F7289E5B2AD52F4E00E092C6 /* FSCalendar in Frameworks */ = {isa = PBXBuildFile; productRef = F7289E5A2AD52F4E00E092C6 /* FSCalendar */; };
		F75E9AFD2ADE529A000CF09A /* SplashViewController.swift in Sources */ = {isa = PBXBuildFile; fileRef = F75E9AFC2ADE529A000CF09A /* SplashViewController.swift */; };
		F75E9AFF2ADE5E35000CF09A /* ConsumptionViewController.swift in Sources */ = {isa = PBXBuildFile; fileRef = F75E9AFE2ADE5E35000CF09A /* ConsumptionViewController.swift */; };
		F75E9B012ADE61A2000CF09A /* ConsumtionView.swift in Sources */ = {isa = PBXBuildFile; fileRef = F75E9B002ADE61A2000CF09A /* ConsumtionView.swift */; };
		F75E9B032ADE672D000CF09A /* ConsumptionCollectionViewCell.swift in Sources */ = {isa = PBXBuildFile; fileRef = F75E9B022ADE672D000CF09A /* ConsumptionCollectionViewCell.swift */; };
		F75E9B052ADE67CD000CF09A /* ConsumptionViewModel.swift in Sources */ = {isa = PBXBuildFile; fileRef = F75E9B042ADE67CD000CF09A /* ConsumptionViewModel.swift */; };
		F75E9B082ADFF85E000CF09A /* PieChartTableViewCell.swift in Sources */ = {isa = PBXBuildFile; fileRef = F75E9B072ADFF85E000CF09A /* PieChartTableViewCell.swift */; };
		F75E9B0B2AE0028B000CF09A /* launchScreenBackgroundImage.jpeg in Resources */ = {isa = PBXBuildFile; fileRef = F75E9B0A2AE0028B000CF09A /* launchScreenBackgroundImage.jpeg */; };
		F75E9B0D2AE00DF0000CF09A /* Settings.bundle in Resources */ = {isa = PBXBuildFile; fileRef = F75E9B0C2AE00DF0000CF09A /* Settings.bundle */; };
		F75E9B112AE01755000CF09A /* EmptyView.swift in Sources */ = {isa = PBXBuildFile; fileRef = F75E9B102AE01755000CF09A /* EmptyView.swift */; };
		F75E9B262AE10B64000CF09A /* PrivacyViewController.swift in Sources */ = {isa = PBXBuildFile; fileRef = F75E9B252AE10B64000CF09A /* PrivacyViewController.swift */; };
		F75E9B282AE11BA4000CF09A /* VersionViewController.swift in Sources */ = {isa = PBXBuildFile; fileRef = F75E9B272AE11BA4000CF09A /* VersionViewController.swift */; };
		F75E9B2B2AE17E27000CF09A /* UserNotificationRepository.swift in Sources */ = {isa = PBXBuildFile; fileRef = F75E9B2A2AE17E27000CF09A /* UserNotificationRepository.swift */; };
		F75E9B2D2AE18A61000CF09A /* UserDefaultsHelper.swift in Sources */ = {isa = PBXBuildFile; fileRef = F75E9B2C2AE18A61000CF09A /* UserDefaultsHelper.swift */; };
		F75E9B312AE1A45F000CF09A /* launchScreen.png in Resources */ = {isa = PBXBuildFile; fileRef = F75E9B302AE1A45F000CF09A /* launchScreen.png */; };
		F7610A212AD5458C00832129 /* CalendarViewModel.swift in Sources */ = {isa = PBXBuildFile; fileRef = F7610A202AD5458C00832129 /* CalendarViewModel.swift */; };
		F7610A232AD54A2500832129 /* CalendarView.swift in Sources */ = {isa = PBXBuildFile; fileRef = F7610A222AD54A2500832129 /* CalendarView.swift */; };
		F7610A252AD56D3800832129 /* UIImage+Extension.swift in Sources */ = {isa = PBXBuildFile; fileRef = F7610A242AD56D3800832129 /* UIImage+Extension.swift */; };
		F7610A272AD5B40100832129 /* CustomCalendarCell.swift in Sources */ = {isa = PBXBuildFile; fileRef = F7610A262AD5B40100832129 /* CustomCalendarCell.swift */; };
		F7610A3D2AD7BDAC00832129 /* Alamofire in Frameworks */ = {isa = PBXBuildFile; productRef = F7610A3C2AD7BDAC00832129 /* Alamofire */; };
		F7610A402AD7BDBF00832129 /* Kingfisher in Frameworks */ = {isa = PBXBuildFile; productRef = F7610A3F2AD7BDBF00832129 /* Kingfisher */; };
		F7610A422AD7BDFB00832129 /* RecipeViewController.swift in Sources */ = {isa = PBXBuildFile; fileRef = F7610A412AD7BDFB00832129 /* RecipeViewController.swift */; };
		F7610A442AD7C17100832129 /* NetworkManager.swift in Sources */ = {isa = PBXBuildFile; fileRef = F7610A432AD7C17100832129 /* NetworkManager.swift */; };
		F7610A462AD7C18D00832129 /* Router.swift in Sources */ = {isa = PBXBuildFile; fileRef = F7610A452AD7C18D00832129 /* Router.swift */; };
		F7610A482AD7C30E00832129 /* YoutubeModel.swift in Sources */ = {isa = PBXBuildFile; fileRef = F7610A472AD7C30E00832129 /* YoutubeModel.swift */; };
		F7610A4A2AD7C60400832129 /* RecipeViewModel.swift in Sources */ = {isa = PBXBuildFile; fileRef = F7610A492AD7C60400832129 /* RecipeViewModel.swift */; };
		F7610A4C2AD8012D00832129 /* RecipeView.swift in Sources */ = {isa = PBXBuildFile; fileRef = F7610A4B2AD8012D00832129 /* RecipeView.swift */; };
		F7610A4E2AD8020700832129 /* RecipeCollectionViewCell.swift in Sources */ = {isa = PBXBuildFile; fileRef = F7610A4D2AD8020700832129 /* RecipeCollectionViewCell.swift */; };
		F7610A512AD83FCF00832129 /* WebViewBottomSheetViewController.swift in Sources */ = {isa = PBXBuildFile; fileRef = F7610A502AD83FCF00832129 /* WebViewBottomSheetViewController.swift */; };
		F7610A532AD9109D00832129 /* YoutubeWebViewViewController.swift in Sources */ = {isa = PBXBuildFile; fileRef = F7610A522AD9109D00832129 /* YoutubeWebViewViewController.swift */; };
		F78B9B292ADA54D400EA61CB /* ChartViewController.swift in Sources */ = {isa = PBXBuildFile; fileRef = F78B9B282ADA54D400EA61CB /* ChartViewController.swift */; };
		F78B9B2B2ADA572700EA61CB /* ChartView.swift in Sources */ = {isa = PBXBuildFile; fileRef = F78B9B2A2ADA572700EA61CB /* ChartView.swift */; };
		F78B9B302ADA761A00EA61CB /* ChartContentView.swift in Sources */ = {isa = PBXBuildFile; fileRef = F78B9B2F2ADA761900EA61CB /* ChartContentView.swift */; };
		F78B9B352ADA86F200EA61CB /* SOYOMapleRegular.ttf in Resources */ = {isa = PBXBuildFile; fileRef = F78B9B332ADA86F100EA61CB /* SOYOMapleRegular.ttf */; };
		F78B9B362ADA86F200EA61CB /* SOYOMapleBold.ttf in Resources */ = {isa = PBXBuildFile; fileRef = F78B9B342ADA86F200EA61CB /* SOYOMapleBold.ttf */; };
		F78B9B382ADA899A00EA61CB /* Font.swift in Sources */ = {isa = PBXBuildFile; fileRef = F78B9B372ADA899A00EA61CB /* Font.swift */; };
		F78B9B3B2ADAC1CA00EA61CB /* DGCharts in Frameworks */ = {isa = PBXBuildFile; productRef = F78B9B3A2ADAC1CA00EA61CB /* DGCharts */; };
		F78B9B3E2ADAD07D00EA61CB /* ChartViewmodel.swift in Sources */ = {isa = PBXBuildFile; fileRef = F78B9B3D2ADAD07D00EA61CB /* ChartViewmodel.swift */; };
		F78B9B402ADB8C7000EA61CB /* FoodIconImageView.swift in Sources */ = {isa = PBXBuildFile; fileRef = F78B9B3F2ADB8C7000EA61CB /* FoodIconImageView.swift */; };
		F794A5B32ADD4263009D3A3A /* LicenseViewController.swift in Sources */ = {isa = PBXBuildFile; fileRef = F794A5B22ADD4263009D3A3A /* LicenseViewController.swift */; };
		F794A5B52ADD5B10009D3A3A /* AlarmViewController.swift in Sources */ = {isa = PBXBuildFile; fileRef = F794A5B42ADD5B10009D3A3A /* AlarmViewController.swift */; };
		F794A5B72ADD6A27009D3A3A /* InquireViewController.swift in Sources */ = {isa = PBXBuildFile; fileRef = F794A5B62ADD6A27009D3A3A /* InquireViewController.swift */; };
		F794A5B92ADD7BD4009D3A3A /* NoticeViewController.swift in Sources */ = {isa = PBXBuildFile; fileRef = F794A5B82ADD7BD4009D3A3A /* NoticeViewController.swift */; };
		F7C31D782AC2CE2E008DAA21 /* AppDelegate.swift in Sources */ = {isa = PBXBuildFile; fileRef = F7C31D772AC2CE2E008DAA21 /* AppDelegate.swift */; };
		F7C31D7A2AC2CE2F008DAA21 /* SceneDelegate.swift in Sources */ = {isa = PBXBuildFile; fileRef = F7C31D792AC2CE2F008DAA21 /* SceneDelegate.swift */; };
		F7C31D7C2AC2CE2F008DAA21 /* FoodManagementViewController.swift in Sources */ = {isa = PBXBuildFile; fileRef = F7C31D7B2AC2CE2F008DAA21 /* FoodManagementViewController.swift */; };
		F7C31D812AC2CE30008DAA21 /* Assets.xcassets in Resources */ = {isa = PBXBuildFile; fileRef = F7C31D802AC2CE30008DAA21 /* Assets.xcassets */; };
		F7C31D842AC2CE30008DAA21 /* LaunchScreen.storyboard in Resources */ = {isa = PBXBuildFile; fileRef = F7C31D822AC2CE30008DAA21 /* LaunchScreen.storyboard */; };
		F7C31D8C2AC2CE9C008DAA21 /* .gitignore in Resources */ = {isa = PBXBuildFile; fileRef = F7C31D8B2AC2CE9C008DAA21 /* .gitignore */; };
		F7C31D922AC2CFEA008DAA21 /* APIKey.swift in Sources */ = {isa = PBXBuildFile; fileRef = F7C31D912AC2CFEA008DAA21 /* APIKey.swift */; };
		F7C31D952AC2D3F2008DAA21 /* SnapKit in Frameworks */ = {isa = PBXBuildFile; productRef = F7C31D942AC2D3F2008DAA21 /* SnapKit */; };
		F7C31D982AC2D4B6008DAA21 /* Realm in Frameworks */ = {isa = PBXBuildFile; productRef = F7C31D972AC2D4B6008DAA21 /* Realm */; };
		F7C31D9A2AC2D4B6008DAA21 /* RealmSwift in Frameworks */ = {isa = PBXBuildFile; productRef = F7C31D992AC2D4B6008DAA21 /* RealmSwift */; };
		F7C31D9C2AC2D60E008DAA21 /* FoodManagementViewModel.swift in Sources */ = {isa = PBXBuildFile; fileRef = F7C31D9B2AC2D60E008DAA21 /* FoodManagementViewModel.swift */; };
		F7C31D9E2AC2D619008DAA21 /* Observable.swift in Sources */ = {isa = PBXBuildFile; fileRef = F7C31D9D2AC2D619008DAA21 /* Observable.swift */; };
		F7C31DA82AC2D9BD008DAA21 /* Localizable.strings in Resources */ = {isa = PBXBuildFile; fileRef = F7C31DAA2AC2D9BD008DAA21 /* Localizable.strings */; };
		F7C31DAF2AC2DA29008DAA21 /* String+Extension.swift in Sources */ = {isa = PBXBuildFile; fileRef = F7C31DAE2AC2DA29008DAA21 /* String+Extension.swift */; };
		F7C31DB22AC2DA90008DAA21 /* InfoPlist.strings in Resources */ = {isa = PBXBuildFile; fileRef = F7C31DB42AC2DA90008DAA21 /* InfoPlist.strings */; };
		F7C31DBC2AC2DE64008DAA21 /* Constant.swift in Sources */ = {isa = PBXBuildFile; fileRef = F7C31DBB2AC2DE64008DAA21 /* Constant.swift */; };
		F7C31DBE2AC2DE7B008DAA21 /* Color.swift in Sources */ = {isa = PBXBuildFile; fileRef = F7C31DBD2AC2DE7B008DAA21 /* Color.swift */; };
		F7C31DC42AC2E456008DAA21 /* CustomTabBarController.swift in Sources */ = {isa = PBXBuildFile; fileRef = F7C31DC32AC2E456008DAA21 /* CustomTabBarController.swift */; };
		F7C31DC62AC2E57D008DAA21 /* SettingViewController.swift in Sources */ = {isa = PBXBuildFile; fileRef = F7C31DC52AC2E57D008DAA21 /* SettingViewController.swift */; };
		F7C31DC82AC2E588008DAA21 /* CalendarViewController.swift in Sources */ = {isa = PBXBuildFile; fileRef = F7C31DC72AC2E588008DAA21 /* CalendarViewController.swift */; };
		F7C31DCA2AC2E93E008DAA21 /* Text.swift in Sources */ = {isa = PBXBuildFile; fileRef = F7C31DC92AC2E93E008DAA21 /* Text.swift */; };
		F7C31DCC2AC2EF27008DAA21 /* BaseViewController.swift in Sources */ = {isa = PBXBuildFile; fileRef = F7C31DCB2AC2EF27008DAA21 /* BaseViewController.swift */; };
		F7C31DCF2AC329F1008DAA21 /* FoodTable.swift in Sources */ = {isa = PBXBuildFile; fileRef = F7C31DCE2AC329F1008DAA21 /* FoodTable.swift */; };
		F7C31DD12AC32A0B008DAA21 /* RealmTableRepository.swift in Sources */ = {isa = PBXBuildFile; fileRef = F7C31DD02AC32A0B008DAA21 /* RealmTableRepository.swift */; };
		F7C31DD42AC5A3C3008DAA21 /* RecipeTable.swift in Sources */ = {isa = PBXBuildFile; fileRef = F7C31DD32AC5A3C3008DAA21 /* RecipeTable.swift */; };
		F7C31DD62AC5A602008DAA21 /* UITabBarController+Extension.swift in Sources */ = {isa = PBXBuildFile; fileRef = F7C31DD52AC5A602008DAA21 /* UITabBarController+Extension.swift */; };
		F7C31DD82AC5A90A008DAA21 /* FoodManagementView.swift in Sources */ = {isa = PBXBuildFile; fileRef = F7C31DD72AC5A90A008DAA21 /* FoodManagementView.swift */; };
		F7C31DDA2AC5A924008DAA21 /* BaseView.swift in Sources */ = {isa = PBXBuildFile; fileRef = F7C31DD92AC5A924008DAA21 /* BaseView.swift */; };
		F7C31DDC2AC5ABF7008DAA21 /* FoodManagementCollectionViewCell.swift in Sources */ = {isa = PBXBuildFile; fileRef = F7C31DDB2AC5ABF7008DAA21 /* FoodManagementCollectionViewCell.swift */; };
		F7C31DDE2AC5AC34008DAA21 /* BaseCollectionViewCell.swift in Sources */ = {isa = PBXBuildFile; fileRef = F7C31DDD2AC5AC34008DAA21 /* BaseCollectionViewCell.swift */; };
		F7C31DE22AC5C3F1008DAA21 /* RealmTableRepositoryProtocol.swift in Sources */ = {isa = PBXBuildFile; fileRef = F7C31DE12AC5C3F1008DAA21 /* RealmTableRepositoryProtocol.swift */; };
		F7C31DE42AC5C5F3008DAA21 /* UIViewController+Extension.swift in Sources */ = {isa = PBXBuildFile; fileRef = F7C31DE32AC5C5F3008DAA21 /* UIViewController+Extension.swift */; };
		F7C31DE82AC69C3F008DAA21 /* FoodRegisterListViewController.swift in Sources */ = {isa = PBXBuildFile; fileRef = F7C31DE72AC69C3F008DAA21 /* FoodRegisterListViewController.swift */; };
		F7C31DEA2AC6AEFC008DAA21 /* FoodRegisterButton.swift in Sources */ = {isa = PBXBuildFile; fileRef = F7C31DE92AC6AEFC008DAA21 /* FoodRegisterButton.swift */; };
		F7C31E142ACD347C008DAA21 /* GoogleService-Info.plist in Resources */ = {isa = PBXBuildFile; fileRef = F7C31E132ACD347C008DAA21 /* GoogleService-Info.plist */; };
		F7C31E182ACD36C3008DAA21 /* FirebaseAnalyticsWithoutAdIdSupport in Frameworks */ = {isa = PBXBuildFile; productRef = F7C31E172ACD36C3008DAA21 /* FirebaseAnalyticsWithoutAdIdSupport */; };
		F7C31E1A2ACD36C3008DAA21 /* FirebaseCrashlytics in Frameworks */ = {isa = PBXBuildFile; productRef = F7C31E192ACD36C3008DAA21 /* FirebaseCrashlytics */; };
		F7C31E1D2ACD3E06008DAA21 /* FoodIconCollectionViewCell.swift in Sources */ = {isa = PBXBuildFile; fileRef = F7C31E1C2ACD3E06008DAA21 /* FoodIconCollectionViewCell.swift */; };
		F7C31E222ACD41A4008DAA21 /* FoodModel.swift in Sources */ = {isa = PBXBuildFile; fileRef = F7C31E212ACD41A4008DAA21 /* FoodModel.swift */; };
		F7C31E242ACD4636008DAA21 /* FoodRegisterListViewModel.swift in Sources */ = {isa = PBXBuildFile; fileRef = F7C31E232ACD4636008DAA21 /* FoodRegisterListViewModel.swift */; };
		F7C31E262ACD7847008DAA21 /* FoodConstant.swift in Sources */ = {isa = PBXBuildFile; fileRef = F7C31E252ACD7847008DAA21 /* FoodConstant.swift */; };
		F7C31E2A2ACE8E8C008DAA21 /* FoodRegisterDetailViewController.swift in Sources */ = {isa = PBXBuildFile; fileRef = F7C31E292ACE8E8C008DAA21 /* FoodRegisterDetailViewController.swift */; };
		F7C31E2C2ACE93E3008DAA21 /* FoodRegisterDetailViewModel.swift in Sources */ = {isa = PBXBuildFile; fileRef = F7C31E2B2ACE93E3008DAA21 /* FoodRegisterDetailViewModel.swift */; };
		F7C31E2E2ACE9DAB008DAA21 /* FoodRegisterDetailView.swift in Sources */ = {isa = PBXBuildFile; fileRef = F7C31E2D2ACE9DAB008DAA21 /* FoodRegisterDetailView.swift */; };
		F7C31E302ACEDB23008DAA21 /* CALayer+Extension.swift in Sources */ = {isa = PBXBuildFile; fileRef = F7C31E2F2ACEDB23008DAA21 /* CALayer+Extension.swift */; };
		F7C31E332ACEE999008DAA21 /* InitialConsonant.swift in Sources */ = {isa = PBXBuildFile; fileRef = F7C31E322ACEE998008DAA21 /* InitialConsonant.swift */; };
		F7C31E362ACFABFD008DAA21 /* FoodDetailSettingLabel.swift in Sources */ = {isa = PBXBuildFile; fileRef = F7C31E352ACFABFD008DAA21 /* FoodDetailSettingLabel.swift */; };
		F7C31E382ACFC37C008DAA21 /* Date+Extension.swift in Sources */ = {isa = PBXBuildFile; fileRef = F7C31E372ACFC37C008DAA21 /* Date+Extension.swift */; };
		F7C31E3A2ACFD0D8008DAA21 /* UIView+Extension.swift in Sources */ = {isa = PBXBuildFile; fileRef = F7C31E392ACFD0D8008DAA21 /* UIView+Extension.swift */; };
		F7C31E3C2ACFD61D008DAA21 /* UIColor+Extension.swift in Sources */ = {isa = PBXBuildFile; fileRef = F7C31E3B2ACFD61D008DAA21 /* UIColor+Extension.swift */; };
		F7C31E3E2ACFE025008DAA21 /* FoodRegisterTextFieldView.swift in Sources */ = {isa = PBXBuildFile; fileRef = F7C31E3D2ACFE025008DAA21 /* FoodRegisterTextFieldView.swift */; };
		F7C31E402AD153A3008DAA21 /* FoodStorageTypeButton.swift in Sources */ = {isa = PBXBuildFile; fileRef = F7C31E3F2AD153A3008DAA21 /* FoodStorageTypeButton.swift */; };
		F7C31E432AD1625D008DAA21 /* Toast in Frameworks */ = {isa = PBXBuildFile; productRef = F7C31E422AD1625D008DAA21 /* Toast */; };
/* End PBXBuildFile section */

/* Begin PBXFileReference section */
		F7248A362AD9329100D768DF /* SafariActivity.swift */ = {isa = PBXFileReference; lastKnownFileType = sourcecode.swift; path = SafariActivity.swift; sourceTree = "<group>"; };
		F7248A392AD963E600D768DF /* FoodManagementCollectionViewHeaderView.swift */ = {isa = PBXFileReference; lastKnownFileType = sourcecode.swift; path = FoodManagementCollectionViewHeaderView.swift; sourceTree = "<group>"; };
		F7289E492AD1BB9500E092C6 /* Results+Extension.swift */ = {isa = PBXFileReference; lastKnownFileType = sourcecode.swift; path = "Results+Extension.swift"; sourceTree = "<group>"; };
		F7289E4B2AD2C05400E092C6 /* FoodDetailManagementViewController.swift */ = {isa = PBXFileReference; lastKnownFileType = sourcecode.swift; path = FoodDetailManagementViewController.swift; sourceTree = "<group>"; };
		F7289E4D2AD2C60300E092C6 /* FoodDetailManagementViewModel.swift */ = {isa = PBXFileReference; lastKnownFileType = sourcecode.swift; path = FoodDetailManagementViewModel.swift; sourceTree = "<group>"; };
		F7289E4F2AD2E99900E092C6 /* FoodDetailManagementView.swift */ = {isa = PBXFileReference; lastKnownFileType = sourcecode.swift; path = FoodDetailManagementView.swift; sourceTree = "<group>"; };
		F7289E522AD3CDF700E092C6 /* GlobalEnum.swift */ = {isa = PBXFileReference; lastKnownFileType = sourcecode.swift; path = GlobalEnum.swift; sourceTree = "<group>"; };
		F75E9AFC2ADE529A000CF09A /* SplashViewController.swift */ = {isa = PBXFileReference; lastKnownFileType = sourcecode.swift; path = SplashViewController.swift; sourceTree = "<group>"; };
		F75E9AFE2ADE5E35000CF09A /* ConsumptionViewController.swift */ = {isa = PBXFileReference; lastKnownFileType = sourcecode.swift; path = ConsumptionViewController.swift; sourceTree = "<group>"; };
		F75E9B002ADE61A2000CF09A /* ConsumtionView.swift */ = {isa = PBXFileReference; lastKnownFileType = sourcecode.swift; path = ConsumtionView.swift; sourceTree = "<group>"; };
		F75E9B022ADE672D000CF09A /* ConsumptionCollectionViewCell.swift */ = {isa = PBXFileReference; lastKnownFileType = sourcecode.swift; path = ConsumptionCollectionViewCell.swift; sourceTree = "<group>"; };
		F75E9B042ADE67CD000CF09A /* ConsumptionViewModel.swift */ = {isa = PBXFileReference; lastKnownFileType = sourcecode.swift; path = ConsumptionViewModel.swift; sourceTree = "<group>"; };
		F75E9B072ADFF85E000CF09A /* PieChartTableViewCell.swift */ = {isa = PBXFileReference; lastKnownFileType = sourcecode.swift; path = PieChartTableViewCell.swift; sourceTree = "<group>"; };
		F75E9B0A2AE0028B000CF09A /* launchScreenBackgroundImage.jpeg */ = {isa = PBXFileReference; lastKnownFileType = image.jpeg; path = launchScreenBackgroundImage.jpeg; sourceTree = "<group>"; };
		F75E9B0C2AE00DF0000CF09A /* Settings.bundle */ = {isa = PBXFileReference; lastKnownFileType = "wrapper.plug-in"; path = Settings.bundle; sourceTree = "<group>"; };
		F75E9B102AE01755000CF09A /* EmptyView.swift */ = {isa = PBXFileReference; lastKnownFileType = sourcecode.swift; path = EmptyView.swift; sourceTree = "<group>"; };
		F75E9B252AE10B64000CF09A /* PrivacyViewController.swift */ = {isa = PBXFileReference; lastKnownFileType = sourcecode.swift; path = PrivacyViewController.swift; sourceTree = "<group>"; };
		F75E9B272AE11BA4000CF09A /* VersionViewController.swift */ = {isa = PBXFileReference; lastKnownFileType = sourcecode.swift; path = VersionViewController.swift; sourceTree = "<group>"; };
		F75E9B2A2AE17E27000CF09A /* UserNotificationRepository.swift */ = {isa = PBXFileReference; lastKnownFileType = sourcecode.swift; path = UserNotificationRepository.swift; sourceTree = "<group>"; };
		F75E9B2C2AE18A61000CF09A /* UserDefaultsHelper.swift */ = {isa = PBXFileReference; lastKnownFileType = sourcecode.swift; path = UserDefaultsHelper.swift; sourceTree = "<group>"; };
		F75E9B302AE1A45F000CF09A /* launchScreen.png */ = {isa = PBXFileReference; lastKnownFileType = image.png; path = launchScreen.png; sourceTree = "<group>"; };
		F7610A202AD5458C00832129 /* CalendarViewModel.swift */ = {isa = PBXFileReference; lastKnownFileType = sourcecode.swift; path = CalendarViewModel.swift; sourceTree = "<group>"; };
		F7610A222AD54A2500832129 /* CalendarView.swift */ = {isa = PBXFileReference; lastKnownFileType = sourcecode.swift; path = CalendarView.swift; sourceTree = "<group>"; };
		F7610A242AD56D3800832129 /* UIImage+Extension.swift */ = {isa = PBXFileReference; lastKnownFileType = sourcecode.swift; path = "UIImage+Extension.swift"; sourceTree = "<group>"; };
		F7610A262AD5B40100832129 /* CustomCalendarCell.swift */ = {isa = PBXFileReference; lastKnownFileType = sourcecode.swift; path = CustomCalendarCell.swift; sourceTree = "<group>"; };
		F7610A412AD7BDFB00832129 /* RecipeViewController.swift */ = {isa = PBXFileReference; lastKnownFileType = sourcecode.swift; path = RecipeViewController.swift; sourceTree = "<group>"; };
		F7610A432AD7C17100832129 /* NetworkManager.swift */ = {isa = PBXFileReference; lastKnownFileType = sourcecode.swift; path = NetworkManager.swift; sourceTree = "<group>"; };
		F7610A452AD7C18D00832129 /* Router.swift */ = {isa = PBXFileReference; lastKnownFileType = sourcecode.swift; path = Router.swift; sourceTree = "<group>"; };
		F7610A472AD7C30E00832129 /* YoutubeModel.swift */ = {isa = PBXFileReference; lastKnownFileType = sourcecode.swift; path = YoutubeModel.swift; sourceTree = "<group>"; };
		F7610A492AD7C60400832129 /* RecipeViewModel.swift */ = {isa = PBXFileReference; lastKnownFileType = sourcecode.swift; path = RecipeViewModel.swift; sourceTree = "<group>"; };
		F7610A4B2AD8012D00832129 /* RecipeView.swift */ = {isa = PBXFileReference; lastKnownFileType = sourcecode.swift; path = RecipeView.swift; sourceTree = "<group>"; };
		F7610A4D2AD8020700832129 /* RecipeCollectionViewCell.swift */ = {isa = PBXFileReference; lastKnownFileType = sourcecode.swift; path = RecipeCollectionViewCell.swift; sourceTree = "<group>"; };
		F7610A502AD83FCF00832129 /* WebViewBottomSheetViewController.swift */ = {isa = PBXFileReference; lastKnownFileType = sourcecode.swift; path = WebViewBottomSheetViewController.swift; sourceTree = "<group>"; };
		F7610A522AD9109D00832129 /* YoutubeWebViewViewController.swift */ = {isa = PBXFileReference; lastKnownFileType = sourcecode.swift; path = YoutubeWebViewViewController.swift; sourceTree = "<group>"; };
		F78B9B282ADA54D400EA61CB /* ChartViewController.swift */ = {isa = PBXFileReference; lastKnownFileType = sourcecode.swift; path = ChartViewController.swift; sourceTree = "<group>"; };
		F78B9B2A2ADA572700EA61CB /* ChartView.swift */ = {isa = PBXFileReference; lastKnownFileType = sourcecode.swift; path = ChartView.swift; sourceTree = "<group>"; };
		F78B9B2F2ADA761900EA61CB /* ChartContentView.swift */ = {isa = PBXFileReference; lastKnownFileType = sourcecode.swift; path = ChartContentView.swift; sourceTree = "<group>"; };
		F78B9B332ADA86F100EA61CB /* SOYOMapleRegular.ttf */ = {isa = PBXFileReference; lastKnownFileType = file; path = SOYOMapleRegular.ttf; sourceTree = "<group>"; };
		F78B9B342ADA86F200EA61CB /* SOYOMapleBold.ttf */ = {isa = PBXFileReference; lastKnownFileType = file; path = SOYOMapleBold.ttf; sourceTree = "<group>"; };
		F78B9B372ADA899A00EA61CB /* Font.swift */ = {isa = PBXFileReference; lastKnownFileType = sourcecode.swift; path = Font.swift; sourceTree = "<group>"; };
		F78B9B3D2ADAD07D00EA61CB /* ChartViewmodel.swift */ = {isa = PBXFileReference; lastKnownFileType = sourcecode.swift; path = ChartViewmodel.swift; sourceTree = "<group>"; };
		F78B9B3F2ADB8C7000EA61CB /* FoodIconImageView.swift */ = {isa = PBXFileReference; lastKnownFileType = sourcecode.swift; path = FoodIconImageView.swift; sourceTree = "<group>"; };
		F794A5B22ADD4263009D3A3A /* LicenseViewController.swift */ = {isa = PBXFileReference; lastKnownFileType = sourcecode.swift; path = LicenseViewController.swift; sourceTree = "<group>"; };
		F794A5B42ADD5B10009D3A3A /* AlarmViewController.swift */ = {isa = PBXFileReference; lastKnownFileType = sourcecode.swift; path = AlarmViewController.swift; sourceTree = "<group>"; };
		F794A5B62ADD6A27009D3A3A /* InquireViewController.swift */ = {isa = PBXFileReference; lastKnownFileType = sourcecode.swift; path = InquireViewController.swift; sourceTree = "<group>"; };
		F794A5B82ADD7BD4009D3A3A /* NoticeViewController.swift */ = {isa = PBXFileReference; lastKnownFileType = sourcecode.swift; path = NoticeViewController.swift; sourceTree = "<group>"; };
		F7C31D742AC2CE2E008DAA21 /* HomeRefrigeratorManagement.app */ = {isa = PBXFileReference; explicitFileType = wrapper.application; includeInIndex = 0; path = HomeRefrigeratorManagement.app; sourceTree = BUILT_PRODUCTS_DIR; };
		F7C31D772AC2CE2E008DAA21 /* AppDelegate.swift */ = {isa = PBXFileReference; lastKnownFileType = sourcecode.swift; path = AppDelegate.swift; sourceTree = "<group>"; };
		F7C31D792AC2CE2F008DAA21 /* SceneDelegate.swift */ = {isa = PBXFileReference; lastKnownFileType = sourcecode.swift; path = SceneDelegate.swift; sourceTree = "<group>"; };
		F7C31D7B2AC2CE2F008DAA21 /* FoodManagementViewController.swift */ = {isa = PBXFileReference; lastKnownFileType = sourcecode.swift; path = FoodManagementViewController.swift; sourceTree = "<group>"; };
		F7C31D802AC2CE30008DAA21 /* Assets.xcassets */ = {isa = PBXFileReference; lastKnownFileType = folder.assetcatalog; path = Assets.xcassets; sourceTree = "<group>"; };
		F7C31D832AC2CE30008DAA21 /* Base */ = {isa = PBXFileReference; lastKnownFileType = file.storyboard; name = Base; path = Base.lproj/LaunchScreen.storyboard; sourceTree = "<group>"; };
		F7C31D852AC2CE30008DAA21 /* Info.plist */ = {isa = PBXFileReference; lastKnownFileType = text.plist.xml; path = Info.plist; sourceTree = "<group>"; };
		F7C31D8B2AC2CE9C008DAA21 /* .gitignore */ = {isa = PBXFileReference; lastKnownFileType = text; path = .gitignore; sourceTree = "<group>"; };
		F7C31D912AC2CFEA008DAA21 /* APIKey.swift */ = {isa = PBXFileReference; lastKnownFileType = sourcecode.swift; path = APIKey.swift; sourceTree = "<group>"; };
		F7C31D9B2AC2D60E008DAA21 /* FoodManagementViewModel.swift */ = {isa = PBXFileReference; lastKnownFileType = sourcecode.swift; path = FoodManagementViewModel.swift; sourceTree = "<group>"; };
		F7C31D9D2AC2D619008DAA21 /* Observable.swift */ = {isa = PBXFileReference; lastKnownFileType = sourcecode.swift; path = Observable.swift; sourceTree = "<group>"; };
		F7C31DA92AC2D9BD008DAA21 /* en */ = {isa = PBXFileReference; lastKnownFileType = text.plist.strings; name = en; path = en.lproj/Localizable.strings; sourceTree = "<group>"; };
		F7C31DAB2AC2D9E0008DAA21 /* ko */ = {isa = PBXFileReference; lastKnownFileType = text.plist.strings; name = ko; path = ko.lproj/Localizable.strings; sourceTree = "<group>"; };
		F7C31DAE2AC2DA29008DAA21 /* String+Extension.swift */ = {isa = PBXFileReference; lastKnownFileType = sourcecode.swift; path = "String+Extension.swift"; sourceTree = "<group>"; };
		F7C31DB32AC2DA90008DAA21 /* en */ = {isa = PBXFileReference; lastKnownFileType = text.plist.strings; name = en; path = en.lproj/InfoPlist.strings; sourceTree = "<group>"; };
		F7C31DB52AC2DA94008DAA21 /* ko */ = {isa = PBXFileReference; lastKnownFileType = text.plist.strings; name = ko; path = ko.lproj/InfoPlist.strings; sourceTree = "<group>"; };
		F7C31DBB2AC2DE64008DAA21 /* Constant.swift */ = {isa = PBXFileReference; lastKnownFileType = sourcecode.swift; path = Constant.swift; sourceTree = "<group>"; };
		F7C31DBD2AC2DE7B008DAA21 /* Color.swift */ = {isa = PBXFileReference; lastKnownFileType = sourcecode.swift; path = Color.swift; sourceTree = "<group>"; };
		F7C31DC32AC2E456008DAA21 /* CustomTabBarController.swift */ = {isa = PBXFileReference; lastKnownFileType = sourcecode.swift; path = CustomTabBarController.swift; sourceTree = "<group>"; };
		F7C31DC52AC2E57D008DAA21 /* SettingViewController.swift */ = {isa = PBXFileReference; lastKnownFileType = sourcecode.swift; path = SettingViewController.swift; sourceTree = "<group>"; };
		F7C31DC72AC2E588008DAA21 /* CalendarViewController.swift */ = {isa = PBXFileReference; lastKnownFileType = sourcecode.swift; path = CalendarViewController.swift; sourceTree = "<group>"; };
		F7C31DC92AC2E93E008DAA21 /* Text.swift */ = {isa = PBXFileReference; lastKnownFileType = sourcecode.swift; path = Text.swift; sourceTree = "<group>"; };
		F7C31DCB2AC2EF27008DAA21 /* BaseViewController.swift */ = {isa = PBXFileReference; lastKnownFileType = sourcecode.swift; path = BaseViewController.swift; sourceTree = "<group>"; };
		F7C31DCE2AC329F1008DAA21 /* FoodTable.swift */ = {isa = PBXFileReference; lastKnownFileType = sourcecode.swift; path = FoodTable.swift; sourceTree = "<group>"; };
		F7C31DD02AC32A0B008DAA21 /* RealmTableRepository.swift */ = {isa = PBXFileReference; lastKnownFileType = sourcecode.swift; path = RealmTableRepository.swift; sourceTree = "<group>"; };
		F7C31DD32AC5A3C3008DAA21 /* RecipeTable.swift */ = {isa = PBXFileReference; lastKnownFileType = sourcecode.swift; path = RecipeTable.swift; sourceTree = "<group>"; };
		F7C31DD52AC5A602008DAA21 /* UITabBarController+Extension.swift */ = {isa = PBXFileReference; lastKnownFileType = sourcecode.swift; path = "UITabBarController+Extension.swift"; sourceTree = "<group>"; };
		F7C31DD72AC5A90A008DAA21 /* FoodManagementView.swift */ = {isa = PBXFileReference; lastKnownFileType = sourcecode.swift; path = FoodManagementView.swift; sourceTree = "<group>"; };
		F7C31DD92AC5A924008DAA21 /* BaseView.swift */ = {isa = PBXFileReference; lastKnownFileType = sourcecode.swift; path = BaseView.swift; sourceTree = "<group>"; };
		F7C31DDB2AC5ABF7008DAA21 /* FoodManagementCollectionViewCell.swift */ = {isa = PBXFileReference; lastKnownFileType = sourcecode.swift; path = FoodManagementCollectionViewCell.swift; sourceTree = "<group>"; };
		F7C31DDD2AC5AC34008DAA21 /* BaseCollectionViewCell.swift */ = {isa = PBXFileReference; lastKnownFileType = sourcecode.swift; path = BaseCollectionViewCell.swift; sourceTree = "<group>"; };
		F7C31DE12AC5C3F1008DAA21 /* RealmTableRepositoryProtocol.swift */ = {isa = PBXFileReference; lastKnownFileType = sourcecode.swift; path = RealmTableRepositoryProtocol.swift; sourceTree = "<group>"; };
		F7C31DE32AC5C5F3008DAA21 /* UIViewController+Extension.swift */ = {isa = PBXFileReference; lastKnownFileType = sourcecode.swift; path = "UIViewController+Extension.swift"; sourceTree = "<group>"; };
		F7C31DE72AC69C3F008DAA21 /* FoodRegisterListViewController.swift */ = {isa = PBXFileReference; lastKnownFileType = sourcecode.swift; path = FoodRegisterListViewController.swift; sourceTree = "<group>"; };
		F7C31DE92AC6AEFC008DAA21 /* FoodRegisterButton.swift */ = {isa = PBXFileReference; lastKnownFileType = sourcecode.swift; path = FoodRegisterButton.swift; sourceTree = "<group>"; };
		F7C31E132ACD347C008DAA21 /* GoogleService-Info.plist */ = {isa = PBXFileReference; fileEncoding = 4; lastKnownFileType = text.plist.xml; path = "GoogleService-Info.plist"; sourceTree = "<group>"; };
		F7C31E1C2ACD3E06008DAA21 /* FoodIconCollectionViewCell.swift */ = {isa = PBXFileReference; lastKnownFileType = sourcecode.swift; path = FoodIconCollectionViewCell.swift; sourceTree = "<group>"; };
		F7C31E212ACD41A4008DAA21 /* FoodModel.swift */ = {isa = PBXFileReference; lastKnownFileType = sourcecode.swift; path = FoodModel.swift; sourceTree = "<group>"; };
		F7C31E232ACD4636008DAA21 /* FoodRegisterListViewModel.swift */ = {isa = PBXFileReference; lastKnownFileType = sourcecode.swift; path = FoodRegisterListViewModel.swift; sourceTree = "<group>"; };
		F7C31E252ACD7847008DAA21 /* FoodConstant.swift */ = {isa = PBXFileReference; lastKnownFileType = sourcecode.swift; path = FoodConstant.swift; sourceTree = "<group>"; };
		F7C31E292ACE8E8C008DAA21 /* FoodRegisterDetailViewController.swift */ = {isa = PBXFileReference; lastKnownFileType = sourcecode.swift; path = FoodRegisterDetailViewController.swift; sourceTree = "<group>"; };
		F7C31E2B2ACE93E3008DAA21 /* FoodRegisterDetailViewModel.swift */ = {isa = PBXFileReference; lastKnownFileType = sourcecode.swift; path = FoodRegisterDetailViewModel.swift; sourceTree = "<group>"; };
		F7C31E2D2ACE9DAB008DAA21 /* FoodRegisterDetailView.swift */ = {isa = PBXFileReference; lastKnownFileType = sourcecode.swift; path = FoodRegisterDetailView.swift; sourceTree = "<group>"; };
		F7C31E2F2ACEDB23008DAA21 /* CALayer+Extension.swift */ = {isa = PBXFileReference; lastKnownFileType = sourcecode.swift; path = "CALayer+Extension.swift"; sourceTree = "<group>"; };
		F7C31E322ACEE998008DAA21 /* InitialConsonant.swift */ = {isa = PBXFileReference; lastKnownFileType = sourcecode.swift; path = InitialConsonant.swift; sourceTree = "<group>"; };
		F7C31E352ACFABFD008DAA21 /* FoodDetailSettingLabel.swift */ = {isa = PBXFileReference; lastKnownFileType = sourcecode.swift; path = FoodDetailSettingLabel.swift; sourceTree = "<group>"; };
		F7C31E372ACFC37C008DAA21 /* Date+Extension.swift */ = {isa = PBXFileReference; lastKnownFileType = sourcecode.swift; path = "Date+Extension.swift"; sourceTree = "<group>"; };
		F7C31E392ACFD0D8008DAA21 /* UIView+Extension.swift */ = {isa = PBXFileReference; lastKnownFileType = sourcecode.swift; path = "UIView+Extension.swift"; sourceTree = "<group>"; };
		F7C31E3B2ACFD61D008DAA21 /* UIColor+Extension.swift */ = {isa = PBXFileReference; lastKnownFileType = sourcecode.swift; path = "UIColor+Extension.swift"; sourceTree = "<group>"; };
		F7C31E3D2ACFE025008DAA21 /* FoodRegisterTextFieldView.swift */ = {isa = PBXFileReference; lastKnownFileType = sourcecode.swift; path = FoodRegisterTextFieldView.swift; sourceTree = "<group>"; };
		F7C31E3F2AD153A3008DAA21 /* FoodStorageTypeButton.swift */ = {isa = PBXFileReference; lastKnownFileType = sourcecode.swift; path = FoodStorageTypeButton.swift; sourceTree = "<group>"; };
/* End PBXFileReference section */

/* Begin PBXFrameworksBuildPhase section */
		F7C31D712AC2CE2E008DAA21 /* Frameworks */ = {
			isa = PBXFrameworksBuildPhase;
			buildActionMask = 2147483647;
			files = (
				F7610A3D2AD7BDAC00832129 /* Alamofire in Frameworks */,
				F7289E582AD50CF800E092C6 /* IQKeyboardManagerSwift in Frameworks */,
				F7C31E432AD1625D008DAA21 /* Toast in Frameworks */,
				F7C31D9A2AC2D4B6008DAA21 /* RealmSwift in Frameworks */,
				F7610A402AD7BDBF00832129 /* Kingfisher in Frameworks */,
				F7C31D982AC2D4B6008DAA21 /* Realm in Frameworks */,
				F7C31E1A2ACD36C3008DAA21 /* FirebaseCrashlytics in Frameworks */,
				F7289E5B2AD52F4E00E092C6 /* FSCalendar in Frameworks */,
				F7C31D952AC2D3F2008DAA21 /* SnapKit in Frameworks */,
				F78B9B3B2ADAC1CA00EA61CB /* DGCharts in Frameworks */,
				F7C31E182ACD36C3008DAA21 /* FirebaseAnalyticsWithoutAdIdSupport in Frameworks */,
			);
			runOnlyForDeploymentPostprocessing = 0;
		};
/* End PBXFrameworksBuildPhase section */

/* Begin PBXGroup section */
		F7248A352AD9328200D768DF /* Activity */ = {
			isa = PBXGroup;
			children = (
				F7248A362AD9329100D768DF /* SafariActivity.swift */,
			);
			path = Activity;
			sourceTree = "<group>";
		};
		F7248A382AD963C600D768DF /* CollectionViewHeaderView */ = {
			isa = PBXGroup;
			children = (
				F7248A392AD963E600D768DF /* FoodManagementCollectionViewHeaderView.swift */,
			);
			path = CollectionViewHeaderView;
			sourceTree = "<group>";
		};
		F7289E512AD3CDD900E092C6 /* Enum */ = {
			isa = PBXGroup;
			children = (
				F7289E522AD3CDF700E092C6 /* GlobalEnum.swift */,
			);
			path = Enum;
			sourceTree = "<group>";
		};
		F75E9B062ADE6CB1000CF09A /* UIImageView */ = {
			isa = PBXGroup;
			children = (
				F78B9B3F2ADB8C7000EA61CB /* FoodIconImageView.swift */,
			);
			path = UIImageView;
			sourceTree = "<group>";
		};
		F75E9B092AE0027F000CF09A /* Image */ = {
			isa = PBXGroup;
			children = (
				F75E9B302AE1A45F000CF09A /* launchScreen.png */,
				F75E9B0A2AE0028B000CF09A /* launchScreenBackgroundImage.jpeg */,
			);
			path = Image;
			sourceTree = "<group>";
		};
		F75E9B292AE17DFF000CF09A /* Repository */ = {
			isa = PBXGroup;
			children = (
				F75E9B2A2AE17E27000CF09A /* UserNotificationRepository.swift */,
				F75E9B2C2AE18A61000CF09A /* UserDefaultsHelper.swift */,
			);
			path = Repository;
			sourceTree = "<group>";
		};
		F7610A4F2AD83FB800832129 /* Sheet */ = {
			isa = PBXGroup;
			children = (
				F7610A502AD83FCF00832129 /* WebViewBottomSheetViewController.swift */,
			);
			path = Sheet;
			sourceTree = "<group>";
		};
		F78B9B2E2ADA75D600EA61CB /* ViewContollerMainView */ = {
			isa = PBXGroup;
			children = (
				F7610A222AD54A2500832129 /* CalendarView.swift */,
				F7610A4B2AD8012D00832129 /* RecipeView.swift */,
				F7C31DD72AC5A90A008DAA21 /* FoodManagementView.swift */,
				F7289E4F2AD2E99900E092C6 /* FoodDetailManagementView.swift */,
				F7C31E2D2ACE9DAB008DAA21 /* FoodRegisterDetailView.swift */,
				F7C31E3D2ACFE025008DAA21 /* FoodRegisterTextFieldView.swift */,
				F78B9B2A2ADA572700EA61CB /* ChartView.swift */,
				F75E9B002ADE61A2000CF09A /* ConsumtionView.swift */,
			);
			path = ViewContollerMainView;
			sourceTree = "<group>";
		};
		F78B9B312ADA86C000EA61CB /* Resources */ = {
			isa = PBXGroup;
			children = (
				F75E9B092AE0027F000CF09A /* Image */,
				F78B9B322ADA86CF00EA61CB /* Font */,
			);
			path = Resources;
			sourceTree = "<group>";
		};
		F78B9B322ADA86CF00EA61CB /* Font */ = {
			isa = PBXGroup;
			children = (
				F78B9B342ADA86F200EA61CB /* SOYOMapleBold.ttf */,
				F78B9B332ADA86F100EA61CB /* SOYOMapleRegular.ttf */,
			);
			path = Font;
			sourceTree = "<group>";
		};
		F794A5B12ADD424E009D3A3A /* Setting */ = {
			isa = PBXGroup;
			children = (
				F7C31DC52AC2E57D008DAA21 /* SettingViewController.swift */,
				F794A5B22ADD4263009D3A3A /* LicenseViewController.swift */,
				F794A5B42ADD5B10009D3A3A /* AlarmViewController.swift */,
				F794A5B62ADD6A27009D3A3A /* InquireViewController.swift */,
				F794A5B82ADD7BD4009D3A3A /* NoticeViewController.swift */,
				F75E9B252AE10B64000CF09A /* PrivacyViewController.swift */,
				F75E9B272AE11BA4000CF09A /* VersionViewController.swift */,
			);
			path = Setting;
			sourceTree = "<group>";
		};
		F7C31D6B2AC2CE2E008DAA21 = {
			isa = PBXGroup;
			children = (
				F75E9B0C2AE00DF0000CF09A /* Settings.bundle */,
				F7C31D762AC2CE2E008DAA21 /* HomeRefrigeratorManagement */,
				F7C31D752AC2CE2E008DAA21 /* Products */,
			);
			sourceTree = "<group>";
		};
		F7C31D752AC2CE2E008DAA21 /* Products */ = {
			isa = PBXGroup;
			children = (
				F7C31D742AC2CE2E008DAA21 /* HomeRefrigeratorManagement.app */,
			);
			name = Products;
			sourceTree = "<group>";
		};
		F7C31D762AC2CE2E008DAA21 /* HomeRefrigeratorManagement */ = {
			isa = PBXGroup;
			children = (
				F7C31D772AC2CE2E008DAA21 /* AppDelegate.swift */,
				F7C31D792AC2CE2F008DAA21 /* SceneDelegate.swift */,
				F75E9B292AE17DFF000CF09A /* Repository */,
				F78B9B312ADA86C000EA61CB /* Resources */,
				F7C31DCD2AC2F524008DAA21 /* Realm */,
				F7C31DAD2AC2DA16008DAA21 /* Utility */,
				F7C31D902AC2CFD6008DAA21 /* Network */,
				F7C31D8F2AC2CFCE008DAA21 /* Model */,
				F7C31D8D2AC2CFBE008DAA21 /* View */,
				F7C31D8E2AC2CFC9008DAA21 /* ViewModel */,
				F7C31DB62AC2DA9C008DAA21 /* Localizable */,
				F7C31D802AC2CE30008DAA21 /* Assets.xcassets */,
				F7C31D822AC2CE30008DAA21 /* LaunchScreen.storyboard */,
				F7C31D852AC2CE30008DAA21 /* Info.plist */,
				F7C31E132ACD347C008DAA21 /* GoogleService-Info.plist */,
				F7C31D8B2AC2CE9C008DAA21 /* .gitignore */,
			);
			path = HomeRefrigeratorManagement;
			sourceTree = "<group>";
		};
		F7C31D8D2AC2CFBE008DAA21 /* View */ = {
			isa = PBXGroup;
			children = (
				F7C31DC02AC2E422008DAA21 /* Base */,
				F7C31DC22AC2E43B008DAA21 /* CustomView */,
				F7C31DC12AC2E428008DAA21 /* Cell */,
				F7C31DBF2AC2E40D008DAA21 /* Controllers */,
			);
			path = View;
			sourceTree = "<group>";
		};
		F7C31D8E2AC2CFC9008DAA21 /* ViewModel */ = {
			isa = PBXGroup;
			children = (
				F7C31D9D2AC2D619008DAA21 /* Observable.swift */,
				F7610A202AD5458C00832129 /* CalendarViewModel.swift */,
				F7610A492AD7C60400832129 /* RecipeViewModel.swift */,
				F7C31D9B2AC2D60E008DAA21 /* FoodManagementViewModel.swift */,
				F7289E4D2AD2C60300E092C6 /* FoodDetailManagementViewModel.swift */,
				F7C31E232ACD4636008DAA21 /* FoodRegisterListViewModel.swift */,
				F7C31E2B2ACE93E3008DAA21 /* FoodRegisterDetailViewModel.swift */,
				F78B9B3D2ADAD07D00EA61CB /* ChartViewmodel.swift */,
				F75E9B042ADE67CD000CF09A /* ConsumptionViewModel.swift */,
			);
			path = ViewModel;
			sourceTree = "<group>";
		};
		F7C31D8F2AC2CFCE008DAA21 /* Model */ = {
			isa = PBXGroup;
			children = (
				F7C31E212ACD41A4008DAA21 /* FoodModel.swift */,
				F7610A472AD7C30E00832129 /* YoutubeModel.swift */,
			);
			path = Model;
			sourceTree = "<group>";
		};
		F7C31D902AC2CFD6008DAA21 /* Network */ = {
			isa = PBXGroup;
			children = (
				F7C31D912AC2CFEA008DAA21 /* APIKey.swift */,
				F7610A432AD7C17100832129 /* NetworkManager.swift */,
				F7610A452AD7C18D00832129 /* Router.swift */,
			);
			path = Network;
			sourceTree = "<group>";
		};
		F7C31DAC2AC2DA0D008DAA21 /* Constant */ = {
			isa = PBXGroup;
			children = (
				F7C31DBB2AC2DE64008DAA21 /* Constant.swift */,
				F7C31DBD2AC2DE7B008DAA21 /* Color.swift */,
				F7C31DC92AC2E93E008DAA21 /* Text.swift */,
				F78B9B372ADA899A00EA61CB /* Font.swift */,
				F7C31E252ACD7847008DAA21 /* FoodConstant.swift */,
			);
			path = Constant;
			sourceTree = "<group>";
		};
		F7C31DAD2AC2DA16008DAA21 /* Utility */ = {
			isa = PBXGroup;
			children = (
				F7289E512AD3CDD900E092C6 /* Enum */,
				F7C31E312ACEE970008DAA21 /* Helper */,
				F7C31DAC2AC2DA0D008DAA21 /* Constant */,
				F7C31DB82AC2DDB1008DAA21 /* Protocol */,
				F7C31DB72AC2DDA7008DAA21 /* Extension */,
			);
			path = Utility;
			sourceTree = "<group>";
		};
		F7C31DB62AC2DA9C008DAA21 /* Localizable */ = {
			isa = PBXGroup;
			children = (
				F7C31DAA2AC2D9BD008DAA21 /* Localizable.strings */,
				F7C31DB42AC2DA90008DAA21 /* InfoPlist.strings */,
			);
			path = Localizable;
			sourceTree = "<group>";
		};
		F7C31DB72AC2DDA7008DAA21 /* Extension */ = {
			isa = PBXGroup;
			children = (
				F7C31E2F2ACEDB23008DAA21 /* CALayer+Extension.swift */,
				F7C31DAE2AC2DA29008DAA21 /* String+Extension.swift */,
				F7C31E372ACFC37C008DAA21 /* Date+Extension.swift */,
				F7C31DD52AC5A602008DAA21 /* UITabBarController+Extension.swift */,
				F7C31DE32AC5C5F3008DAA21 /* UIViewController+Extension.swift */,
				F7C31E392ACFD0D8008DAA21 /* UIView+Extension.swift */,
				F7C31E3B2ACFD61D008DAA21 /* UIColor+Extension.swift */,
				F7289E492AD1BB9500E092C6 /* Results+Extension.swift */,
				F7610A242AD56D3800832129 /* UIImage+Extension.swift */,
			);
			path = Extension;
			sourceTree = "<group>";
		};
		F7C31DB82AC2DDB1008DAA21 /* Protocol */ = {
			isa = PBXGroup;
			children = (
				F7C31DE12AC5C3F1008DAA21 /* RealmTableRepositoryProtocol.swift */,
			);
			path = Protocol;
			sourceTree = "<group>";
		};
		F7C31DBF2AC2E40D008DAA21 /* Controllers */ = {
			isa = PBXGroup;
			children = (
				F75E9AFC2ADE529A000CF09A /* SplashViewController.swift */,
				F7610A4F2AD83FB800832129 /* Sheet */,
				F794A5B12ADD424E009D3A3A /* Setting */,
				F7C31DC72AC2E588008DAA21 /* CalendarViewController.swift */,
				F7610A412AD7BDFB00832129 /* RecipeViewController.swift */,
				F7C31D7B2AC2CE2F008DAA21 /* FoodManagementViewController.swift */,
				F7289E4B2AD2C05400E092C6 /* FoodDetailManagementViewController.swift */,
				F7C31DE72AC69C3F008DAA21 /* FoodRegisterListViewController.swift */,
				F7C31E292ACE8E8C008DAA21 /* FoodRegisterDetailViewController.swift */,
				F7610A522AD9109D00832129 /* YoutubeWebViewViewController.swift */,
				F78B9B282ADA54D400EA61CB /* ChartViewController.swift */,
				F75E9AFE2ADE5E35000CF09A /* ConsumptionViewController.swift */,
			);
			path = Controllers;
			sourceTree = "<group>";
		};
		F7C31DC02AC2E422008DAA21 /* Base */ = {
			isa = PBXGroup;
			children = (
				F7C31DD92AC5A924008DAA21 /* BaseView.swift */,
				F7C31DCB2AC2EF27008DAA21 /* BaseViewController.swift */,
				F7C31DDD2AC5AC34008DAA21 /* BaseCollectionViewCell.swift */,
			);
			path = Base;
			sourceTree = "<group>";
		};
		F7C31DC12AC2E428008DAA21 /* Cell */ = {
			isa = PBXGroup;
			children = (
				F7C31DDB2AC5ABF7008DAA21 /* FoodManagementCollectionViewCell.swift */,
				F7C31E1C2ACD3E06008DAA21 /* FoodIconCollectionViewCell.swift */,
				F7610A262AD5B40100832129 /* CustomCalendarCell.swift */,
				F7610A4D2AD8020700832129 /* RecipeCollectionViewCell.swift */,
				F75E9B022ADE672D000CF09A /* ConsumptionCollectionViewCell.swift */,
				F75E9B072ADFF85E000CF09A /* PieChartTableViewCell.swift */,
			);
			path = Cell;
			sourceTree = "<group>";
		};
		F7C31DC22AC2E43B008DAA21 /* CustomView */ = {
			isa = PBXGroup;
			children = (
				F75E9B062ADE6CB1000CF09A /* UIImageView */,
				F7248A352AD9328200D768DF /* Activity */,
				F7C31E342ACFABD4008DAA21 /* UILabel */,
				F7C31E202ACD40F9008DAA21 /* UITabBarController */,
				F7C31E1F2ACD40E8008DAA21 /* UIView */,
				F7C31E1E2ACD40D4008DAA21 /* UIButton */,
			);
			path = CustomView;
			sourceTree = "<group>";
		};
		F7C31DCD2AC2F524008DAA21 /* Realm */ = {
			isa = PBXGroup;
			children = (
				F7C31DD02AC32A0B008DAA21 /* RealmTableRepository.swift */,
				F7C31DD22AC5A1A8008DAA21 /* Table */,
			);
			path = Realm;
			sourceTree = "<group>";
		};
		F7C31DD22AC5A1A8008DAA21 /* Table */ = {
			isa = PBXGroup;
			children = (
				F7C31DCE2AC329F1008DAA21 /* FoodTable.swift */,
				F7C31DD32AC5A3C3008DAA21 /* RecipeTable.swift */,
			);
			path = Table;
			sourceTree = "<group>";
		};
		F7C31E1E2ACD40D4008DAA21 /* UIButton */ = {
			isa = PBXGroup;
			children = (
				F7C31DE92AC6AEFC008DAA21 /* FoodRegisterButton.swift */,
				F7C31E3F2AD153A3008DAA21 /* FoodStorageTypeButton.swift */,
			);
			path = UIButton;
			sourceTree = "<group>";
		};
		F7C31E1F2ACD40E8008DAA21 /* UIView */ = {
			isa = PBXGroup;
			children = (
				F7248A382AD963C600D768DF /* CollectionViewHeaderView */,
				F78B9B2E2ADA75D600EA61CB /* ViewContollerMainView */,
				F78B9B2F2ADA761900EA61CB /* ChartContentView.swift */,
				F75E9B102AE01755000CF09A /* EmptyView.swift */,
			);
			path = UIView;
			sourceTree = "<group>";
		};
		F7C31E202ACD40F9008DAA21 /* UITabBarController */ = {
			isa = PBXGroup;
			children = (
				F7C31DC32AC2E456008DAA21 /* CustomTabBarController.swift */,
			);
			path = UITabBarController;
			sourceTree = "<group>";
		};
		F7C31E312ACEE970008DAA21 /* Helper */ = {
			isa = PBXGroup;
			children = (
				F7C31E322ACEE998008DAA21 /* InitialConsonant.swift */,
			);
			path = Helper;
			sourceTree = "<group>";
		};
		F7C31E342ACFABD4008DAA21 /* UILabel */ = {
			isa = PBXGroup;
			children = (
				F7C31E352ACFABFD008DAA21 /* FoodDetailSettingLabel.swift */,
			);
			path = UILabel;
			sourceTree = "<group>";
		};
/* End PBXGroup section */

/* Begin PBXNativeTarget section */
		F7C31D732AC2CE2E008DAA21 /* HomeRefrigeratorManagement */ = {
			isa = PBXNativeTarget;
			buildConfigurationList = F7C31D882AC2CE30008DAA21 /* Build configuration list for PBXNativeTarget "HomeRefrigeratorManagement" */;
			buildPhases = (
				F7C31D702AC2CE2E008DAA21 /* Sources */,
				F7C31D712AC2CE2E008DAA21 /* Frameworks */,
				F7C31D722AC2CE2E008DAA21 /* Resources */,
				F7C31E1B2ACD3828008DAA21 /* ShellScript */,
			);
			buildRules = (
			);
			dependencies = (
			);
			name = HomeRefrigeratorManagement;
			packageProductDependencies = (
				F7C31D942AC2D3F2008DAA21 /* SnapKit */,
				F7C31D972AC2D4B6008DAA21 /* Realm */,
				F7C31D992AC2D4B6008DAA21 /* RealmSwift */,
				F7C31E172ACD36C3008DAA21 /* FirebaseAnalyticsWithoutAdIdSupport */,
				F7C31E192ACD36C3008DAA21 /* FirebaseCrashlytics */,
				F7C31E422AD1625D008DAA21 /* Toast */,
				F7289E572AD50CF800E092C6 /* IQKeyboardManagerSwift */,
				F7289E5A2AD52F4E00E092C6 /* FSCalendar */,
				F7610A3C2AD7BDAC00832129 /* Alamofire */,
				F7610A3F2AD7BDBF00832129 /* Kingfisher */,
				F78B9B3A2ADAC1CA00EA61CB /* DGCharts */,
			);
			productName = HomeRefrigeratorManagement;
			productReference = F7C31D742AC2CE2E008DAA21 /* HomeRefrigeratorManagement.app */;
			productType = "com.apple.product-type.application";
		};
/* End PBXNativeTarget section */

/* Begin PBXProject section */
		F7C31D6C2AC2CE2E008DAA21 /* Project object */ = {
			isa = PBXProject;
			attributes = {
				BuildIndependentTargetsInParallel = 1;
				LastSwiftUpdateCheck = 1430;
				LastUpgradeCheck = 1430;
				TargetAttributes = {
					F7C31D732AC2CE2E008DAA21 = {
						CreatedOnToolsVersion = 14.3.1;
					};
				};
			};
			buildConfigurationList = F7C31D6F2AC2CE2E008DAA21 /* Build configuration list for PBXProject "HomeRefrigeratorManagement" */;
			compatibilityVersion = "Xcode 14.0";
			developmentRegion = en;
			hasScannedForEncodings = 0;
			knownRegions = (
				en,
				Base,
				ko,
			);
			mainGroup = F7C31D6B2AC2CE2E008DAA21;
			packageReferences = (
				F7C31D932AC2D3F2008DAA21 /* XCRemoteSwiftPackageReference "SnapKit" */,
				F7C31D962AC2D4B6008DAA21 /* XCRemoteSwiftPackageReference "realm-swift" */,
				F7C31E162ACD36C3008DAA21 /* XCRemoteSwiftPackageReference "firebase-ios-sdk" */,
				F7C31E412AD1625D008DAA21 /* XCRemoteSwiftPackageReference "Toast-Swift" */,
				F7289E562AD50CF800E092C6 /* XCRemoteSwiftPackageReference "IQKeyboardManager" */,
				F7289E592AD52F4E00E092C6 /* XCRemoteSwiftPackageReference "FSCalendar" */,
				F7610A3B2AD7BDAC00832129 /* XCRemoteSwiftPackageReference "Alamofire" */,
				F7610A3E2AD7BDBF00832129 /* XCRemoteSwiftPackageReference "Kingfisher" */,
				F78B9B392ADAC1CA00EA61CB /* XCRemoteSwiftPackageReference "Charts" */,
			);
			productRefGroup = F7C31D752AC2CE2E008DAA21 /* Products */;
			projectDirPath = "";
			projectRoot = "";
			targets = (
				F7C31D732AC2CE2E008DAA21 /* HomeRefrigeratorManagement */,
			);
		};
/* End PBXProject section */

/* Begin PBXResourcesBuildPhase section */
		F7C31D722AC2CE2E008DAA21 /* Resources */ = {
			isa = PBXResourcesBuildPhase;
			buildActionMask = 2147483647;
			files = (
				F78B9B352ADA86F200EA61CB /* SOYOMapleRegular.ttf in Resources */,
				F75E9B312AE1A45F000CF09A /* launchScreen.png in Resources */,
				F78B9B362ADA86F200EA61CB /* SOYOMapleBold.ttf in Resources */,
				F75E9B0D2AE00DF0000CF09A /* Settings.bundle in Resources */,
				F7C31D8C2AC2CE9C008DAA21 /* .gitignore in Resources */,
				F7C31DA82AC2D9BD008DAA21 /* Localizable.strings in Resources */,
				F7C31D842AC2CE30008DAA21 /* LaunchScreen.storyboard in Resources */,
				F7C31D812AC2CE30008DAA21 /* Assets.xcassets in Resources */,
				F7C31DB22AC2DA90008DAA21 /* InfoPlist.strings in Resources */,
				F75E9B0B2AE0028B000CF09A /* launchScreenBackgroundImage.jpeg in Resources */,
				F7C31E142ACD347C008DAA21 /* GoogleService-Info.plist in Resources */,
			);
			runOnlyForDeploymentPostprocessing = 0;
		};
/* End PBXResourcesBuildPhase section */

/* Begin PBXShellScriptBuildPhase section */
		F7C31E1B2ACD3828008DAA21 /* ShellScript */ = {
			isa = PBXShellScriptBuildPhase;
			buildActionMask = 2147483647;
			files = (
			);
			inputFileListPaths = (
			);
			inputPaths = (
				"${DWARF_DSYM_FOLDER_PATH}/${DWARF_DSYM_FILE_NAME}",
				"${DWARF_DSYM_FOLDER_PATH}/${DWARF_DSYM_FILE_NAME}/Contents/Resources/DWARF/${PRODUCT_NAME}",
				"${DWARF_DSYM_FOLDER_PATH}/${DWARF_DSYM_FILE_NAME}/Contents/Info.plist",
				"$(BUILT_PRODUCTS_DIR)/$(UNLOCALIZED_RESOURCES_FOLDER_PATH)/GoogleService-Info.plist",
				"$(BUILT_PRODUCTS_DIR)/$(EXECUTABLE_PATH)",
			);
			outputFileListPaths = (
			);
			outputPaths = (
			);
			runOnlyForDeploymentPostprocessing = 0;
			shellPath = /bin/sh;
			shellScript = "# Type a script or drag a script file from your workspace to insert its path.\n\"${BUILD_DIR%/Build/*}/SourcePackages/checkouts/firebase-ios-sdk/Crashlytics/run\"\n";
		};
/* End PBXShellScriptBuildPhase section */

/* Begin PBXSourcesBuildPhase section */
		F7C31D702AC2CE2E008DAA21 /* Sources */ = {
			isa = PBXSourcesBuildPhase;
			buildActionMask = 2147483647;
			files = (
				F7C31E332ACEE999008DAA21 /* InitialConsonant.swift in Sources */,
				F75E9AFF2ADE5E35000CF09A /* ConsumptionViewController.swift in Sources */,
				F7C31E302ACEDB23008DAA21 /* CALayer+Extension.swift in Sources */,
				F7610A232AD54A2500832129 /* CalendarView.swift in Sources */,
				F7610A482AD7C30E00832129 /* YoutubeModel.swift in Sources */,
				F7289E4E2AD2C60300E092C6 /* FoodDetailManagementViewModel.swift in Sources */,
				F7C31E402AD153A3008DAA21 /* FoodStorageTypeButton.swift in Sources */,
				F7C31E382ACFC37C008DAA21 /* Date+Extension.swift in Sources */,
				F78B9B382ADA899A00EA61CB /* Font.swift in Sources */,
				F7C31DE22AC5C3F1008DAA21 /* RealmTableRepositoryProtocol.swift in Sources */,
				F78B9B402ADB8C7000EA61CB /* FoodIconImageView.swift in Sources */,
				F7C31D9C2AC2D60E008DAA21 /* FoodManagementViewModel.swift in Sources */,
				F7610A512AD83FCF00832129 /* WebViewBottomSheetViewController.swift in Sources */,
				F794A5B32ADD4263009D3A3A /* LicenseViewController.swift in Sources */,
				F7248A372AD9329100D768DF /* SafariActivity.swift in Sources */,
				F7610A462AD7C18D00832129 /* Router.swift in Sources */,
				F7C31E242ACD4636008DAA21 /* FoodRegisterListViewModel.swift in Sources */,
				F75E9B2B2AE17E27000CF09A /* UserNotificationRepository.swift in Sources */,
				F7C31DD82AC5A90A008DAA21 /* FoodManagementView.swift in Sources */,
				F7C31DD42AC5A3C3008DAA21 /* RecipeTable.swift in Sources */,
				F7C31DC62AC2E57D008DAA21 /* SettingViewController.swift in Sources */,
				F794A5B92ADD7BD4009D3A3A /* NoticeViewController.swift in Sources */,
				F75E9B012ADE61A2000CF09A /* ConsumtionView.swift in Sources */,
				F7C31DDC2AC5ABF7008DAA21 /* FoodManagementCollectionViewCell.swift in Sources */,
				F7C31DAF2AC2DA29008DAA21 /* String+Extension.swift in Sources */,
				F78B9B3E2ADAD07D00EA61CB /* ChartViewmodel.swift in Sources */,
				F7289E4C2AD2C05400E092C6 /* FoodDetailManagementViewController.swift in Sources */,
				F7610A212AD5458C00832129 /* CalendarViewModel.swift in Sources */,
				F75E9B282AE11BA4000CF09A /* VersionViewController.swift in Sources */,
				F7610A4A2AD7C60400832129 /* RecipeViewModel.swift in Sources */,
				F7248A3A2AD963E600D768DF /* FoodManagementCollectionViewHeaderView.swift in Sources */,
				F794A5B52ADD5B10009D3A3A /* AlarmViewController.swift in Sources */,
				F75E9B2D2AE18A61000CF09A /* UserDefaultsHelper.swift in Sources */,
				F7610A442AD7C17100832129 /* NetworkManager.swift in Sources */,
				F7C31DE82AC69C3F008DAA21 /* FoodRegisterListViewController.swift in Sources */,
				F7C31E3C2ACFD61D008DAA21 /* UIColor+Extension.swift in Sources */,
				F7C31E3E2ACFE025008DAA21 /* FoodRegisterTextFieldView.swift in Sources */,
				F7C31DC42AC2E456008DAA21 /* CustomTabBarController.swift in Sources */,
				F7610A422AD7BDFB00832129 /* RecipeViewController.swift in Sources */,
				F7610A272AD5B40100832129 /* CustomCalendarCell.swift in Sources */,
				F7C31E2E2ACE9DAB008DAA21 /* FoodRegisterDetailView.swift in Sources */,
				F7C31D7C2AC2CE2F008DAA21 /* FoodManagementViewController.swift in Sources */,
				F7C31DDA2AC5A924008DAA21 /* BaseView.swift in Sources */,
				F75E9B262AE10B64000CF09A /* PrivacyViewController.swift in Sources */,
				F75E9B112AE01755000CF09A /* EmptyView.swift in Sources */,
				F75E9B052ADE67CD000CF09A /* ConsumptionViewModel.swift in Sources */,
				F7C31E2C2ACE93E3008DAA21 /* FoodRegisterDetailViewModel.swift in Sources */,
				F75E9AFD2ADE529A000CF09A /* SplashViewController.swift in Sources */,
				F78B9B292ADA54D400EA61CB /* ChartViewController.swift in Sources */,
				F7C31DCC2AC2EF27008DAA21 /* BaseViewController.swift in Sources */,
				F7C31E3A2ACFD0D8008DAA21 /* UIView+Extension.swift in Sources */,
				F7289E502AD2E99900E092C6 /* FoodDetailManagementView.swift in Sources */,
				F7289E4A2AD1BB9500E092C6 /* Results+Extension.swift in Sources */,
				F7610A532AD9109D00832129 /* YoutubeWebViewViewController.swift in Sources */,
				F7C31DBC2AC2DE64008DAA21 /* Constant.swift in Sources */,
				F75E9B032ADE672D000CF09A /* ConsumptionCollectionViewCell.swift in Sources */,
				F7C31D782AC2CE2E008DAA21 /* AppDelegate.swift in Sources */,
				F7C31E262ACD7847008DAA21 /* FoodConstant.swift in Sources */,
				F7C31DE42AC5C5F3008DAA21 /* UIViewController+Extension.swift in Sources */,
				F7610A4C2AD8012D00832129 /* RecipeView.swift in Sources */,
				F78B9B302ADA761A00EA61CB /* ChartContentView.swift in Sources */,
				F7C31D922AC2CFEA008DAA21 /* APIKey.swift in Sources */,
				F7C31DCA2AC2E93E008DAA21 /* Text.swift in Sources */,
				F7C31E222ACD41A4008DAA21 /* FoodModel.swift in Sources */,
				F7C31E1D2ACD3E06008DAA21 /* FoodIconCollectionViewCell.swift in Sources */,
				F7610A252AD56D3800832129 /* UIImage+Extension.swift in Sources */,
				F7C31E2A2ACE8E8C008DAA21 /* FoodRegisterDetailViewController.swift in Sources */,
				F7C31DC82AC2E588008DAA21 /* CalendarViewController.swift in Sources */,
				F7C31DDE2AC5AC34008DAA21 /* BaseCollectionViewCell.swift in Sources */,
				F7C31DEA2AC6AEFC008DAA21 /* FoodRegisterButton.swift in Sources */,
				F7610A4E2AD8020700832129 /* RecipeCollectionViewCell.swift in Sources */,
				F7289E532AD3CDF700E092C6 /* GlobalEnum.swift in Sources */,
				F7C31DCF2AC329F1008DAA21 /* FoodTable.swift in Sources */,
				F7C31D9E2AC2D619008DAA21 /* Observable.swift in Sources */,
				F7C31DD62AC5A602008DAA21 /* UITabBarController+Extension.swift in Sources */,
				F7C31E362ACFABFD008DAA21 /* FoodDetailSettingLabel.swift in Sources */,
				F78B9B2B2ADA572700EA61CB /* ChartView.swift in Sources */,
				F7C31D7A2AC2CE2F008DAA21 /* SceneDelegate.swift in Sources */,
				F7C31DD12AC32A0B008DAA21 /* RealmTableRepository.swift in Sources */,
				F794A5B72ADD6A27009D3A3A /* InquireViewController.swift in Sources */,
				F75E9B082ADFF85E000CF09A /* PieChartTableViewCell.swift in Sources */,
				F7C31DBE2AC2DE7B008DAA21 /* Color.swift in Sources */,
			);
			runOnlyForDeploymentPostprocessing = 0;
		};
/* End PBXSourcesBuildPhase section */

/* Begin PBXVariantGroup section */
		F7C31D822AC2CE30008DAA21 /* LaunchScreen.storyboard */ = {
			isa = PBXVariantGroup;
			children = (
				F7C31D832AC2CE30008DAA21 /* Base */,
			);
			name = LaunchScreen.storyboard;
			sourceTree = "<group>";
		};
		F7C31DAA2AC2D9BD008DAA21 /* Localizable.strings */ = {
			isa = PBXVariantGroup;
			children = (
				F7C31DA92AC2D9BD008DAA21 /* en */,
				F7C31DAB2AC2D9E0008DAA21 /* ko */,
			);
			name = Localizable.strings;
			sourceTree = "<group>";
		};
		F7C31DB42AC2DA90008DAA21 /* InfoPlist.strings */ = {
			isa = PBXVariantGroup;
			children = (
				F7C31DB32AC2DA90008DAA21 /* en */,
				F7C31DB52AC2DA94008DAA21 /* ko */,
			);
			name = InfoPlist.strings;
			sourceTree = "<group>";
		};
/* End PBXVariantGroup section */

/* Begin XCBuildConfiguration section */
		F7C31D862AC2CE30008DAA21 /* Debug */ = {
			isa = XCBuildConfiguration;
			buildSettings = {
				ALWAYS_SEARCH_USER_PATHS = NO;
				CLANG_ANALYZER_LOCALIZABILITY_NONLOCALIZED = YES;
				CLANG_ANALYZER_NONNULL = YES;
				CLANG_ANALYZER_NUMBER_OBJECT_CONVERSION = YES_AGGRESSIVE;
				CLANG_CXX_LANGUAGE_STANDARD = "gnu++20";
				CLANG_ENABLE_MODULES = YES;
				CLANG_ENABLE_OBJC_ARC = YES;
				CLANG_ENABLE_OBJC_WEAK = YES;
				CLANG_WARN_BLOCK_CAPTURE_AUTORELEASING = YES;
				CLANG_WARN_BOOL_CONVERSION = YES;
				CLANG_WARN_COMMA = YES;
				CLANG_WARN_CONSTANT_CONVERSION = YES;
				CLANG_WARN_DEPRECATED_OBJC_IMPLEMENTATIONS = YES;
				CLANG_WARN_DIRECT_OBJC_ISA_USAGE = YES_ERROR;
				CLANG_WARN_DOCUMENTATION_COMMENTS = YES;
				CLANG_WARN_EMPTY_BODY = YES;
				CLANG_WARN_ENUM_CONVERSION = YES;
				CLANG_WARN_INFINITE_RECURSION = YES;
				CLANG_WARN_INT_CONVERSION = YES;
				CLANG_WARN_NON_LITERAL_NULL_CONVERSION = YES;
				CLANG_WARN_OBJC_IMPLICIT_RETAIN_SELF = YES;
				CLANG_WARN_OBJC_LITERAL_CONVERSION = YES;
				CLANG_WARN_OBJC_ROOT_CLASS = YES_ERROR;
				CLANG_WARN_QUOTED_INCLUDE_IN_FRAMEWORK_HEADER = YES;
				CLANG_WARN_RANGE_LOOP_ANALYSIS = YES;
				CLANG_WARN_STRICT_PROTOTYPES = YES;
				CLANG_WARN_SUSPICIOUS_MOVE = YES;
				CLANG_WARN_UNGUARDED_AVAILABILITY = YES_AGGRESSIVE;
				CLANG_WARN_UNREACHABLE_CODE = YES;
				CLANG_WARN__DUPLICATE_METHOD_MATCH = YES;
				COPY_PHASE_STRIP = NO;
				DEBUG_INFORMATION_FORMAT = dwarf;
				ENABLE_STRICT_OBJC_MSGSEND = YES;
				ENABLE_TESTABILITY = YES;
				GCC_C_LANGUAGE_STANDARD = gnu11;
				GCC_DYNAMIC_NO_PIC = NO;
				GCC_NO_COMMON_BLOCKS = YES;
				GCC_OPTIMIZATION_LEVEL = 0;
				GCC_PREPROCESSOR_DEFINITIONS = (
					"DEBUG=1",
					"$(inherited)",
				);
				GCC_WARN_64_TO_32_BIT_CONVERSION = YES;
				GCC_WARN_ABOUT_RETURN_TYPE = YES_ERROR;
				GCC_WARN_UNDECLARED_SELECTOR = YES;
				GCC_WARN_UNINITIALIZED_AUTOS = YES_AGGRESSIVE;
				GCC_WARN_UNUSED_FUNCTION = YES;
				GCC_WARN_UNUSED_VARIABLE = YES;
				INFOPLIST_KEY_CFBundleDisplayName = FoodKeeper;
				IPHONEOS_DEPLOYMENT_TARGET = 16.4;
				MTL_ENABLE_DEBUG_INFO = INCLUDE_SOURCE;
				MTL_FAST_MATH = YES;
				ONLY_ACTIVE_ARCH = YES;
				SDKROOT = iphoneos;
				SWIFT_ACTIVE_COMPILATION_CONDITIONS = DEBUG;
				SWIFT_OPTIMIZATION_LEVEL = "-Onone";
			};
			name = Debug;
		};
		F7C31D872AC2CE30008DAA21 /* Release */ = {
			isa = XCBuildConfiguration;
			buildSettings = {
				ALWAYS_SEARCH_USER_PATHS = NO;
				CLANG_ANALYZER_LOCALIZABILITY_NONLOCALIZED = YES;
				CLANG_ANALYZER_NONNULL = YES;
				CLANG_ANALYZER_NUMBER_OBJECT_CONVERSION = YES_AGGRESSIVE;
				CLANG_CXX_LANGUAGE_STANDARD = "gnu++20";
				CLANG_ENABLE_MODULES = YES;
				CLANG_ENABLE_OBJC_ARC = YES;
				CLANG_ENABLE_OBJC_WEAK = YES;
				CLANG_WARN_BLOCK_CAPTURE_AUTORELEASING = YES;
				CLANG_WARN_BOOL_CONVERSION = YES;
				CLANG_WARN_COMMA = YES;
				CLANG_WARN_CONSTANT_CONVERSION = YES;
				CLANG_WARN_DEPRECATED_OBJC_IMPLEMENTATIONS = YES;
				CLANG_WARN_DIRECT_OBJC_ISA_USAGE = YES_ERROR;
				CLANG_WARN_DOCUMENTATION_COMMENTS = YES;
				CLANG_WARN_EMPTY_BODY = YES;
				CLANG_WARN_ENUM_CONVERSION = YES;
				CLANG_WARN_INFINITE_RECURSION = YES;
				CLANG_WARN_INT_CONVERSION = YES;
				CLANG_WARN_NON_LITERAL_NULL_CONVERSION = YES;
				CLANG_WARN_OBJC_IMPLICIT_RETAIN_SELF = YES;
				CLANG_WARN_OBJC_LITERAL_CONVERSION = YES;
				CLANG_WARN_OBJC_ROOT_CLASS = YES_ERROR;
				CLANG_WARN_QUOTED_INCLUDE_IN_FRAMEWORK_HEADER = YES;
				CLANG_WARN_RANGE_LOOP_ANALYSIS = YES;
				CLANG_WARN_STRICT_PROTOTYPES = YES;
				CLANG_WARN_SUSPICIOUS_MOVE = YES;
				CLANG_WARN_UNGUARDED_AVAILABILITY = YES_AGGRESSIVE;
				CLANG_WARN_UNREACHABLE_CODE = YES;
				CLANG_WARN__DUPLICATE_METHOD_MATCH = YES;
				COPY_PHASE_STRIP = NO;
				DEBUG_INFORMATION_FORMAT = "dwarf-with-dsym";
				ENABLE_NS_ASSERTIONS = NO;
				ENABLE_STRICT_OBJC_MSGSEND = YES;
				GCC_C_LANGUAGE_STANDARD = gnu11;
				GCC_NO_COMMON_BLOCKS = YES;
				GCC_WARN_64_TO_32_BIT_CONVERSION = YES;
				GCC_WARN_ABOUT_RETURN_TYPE = YES_ERROR;
				GCC_WARN_UNDECLARED_SELECTOR = YES;
				GCC_WARN_UNINITIALIZED_AUTOS = YES_AGGRESSIVE;
				GCC_WARN_UNUSED_FUNCTION = YES;
				GCC_WARN_UNUSED_VARIABLE = YES;
				INFOPLIST_KEY_CFBundleDisplayName = FoodKeeper;
				IPHONEOS_DEPLOYMENT_TARGET = 16.4;
				MTL_ENABLE_DEBUG_INFO = NO;
				MTL_FAST_MATH = YES;
				SDKROOT = iphoneos;
				SWIFT_COMPILATION_MODE = wholemodule;
				SWIFT_OPTIMIZATION_LEVEL = "-O";
				VALIDATE_PRODUCT = YES;
			};
			name = Release;
		};
		F7C31D892AC2CE30008DAA21 /* Debug */ = {
			isa = XCBuildConfiguration;
			buildSettings = {
				ASSETCATALOG_COMPILER_APPICON_NAME = AppIcon;
				ASSETCATALOG_COMPILER_GLOBAL_ACCENT_COLOR_NAME = AccentColor;
				CODE_SIGN_STYLE = Automatic;
				CURRENT_PROJECT_VERSION = 1;
				DEBUG_INFORMATION_FORMAT = "dwarf-with-dsym";
				DEVELOPMENT_TEAM = 2K3Y93YF8Z;
				GENERATE_INFOPLIST_FILE = YES;
				INFOPLIST_FILE = HomeRefrigeratorManagement/Info.plist;
				INFOPLIST_KEY_UIApplicationSupportsIndirectInputEvents = YES;
				INFOPLIST_KEY_UILaunchStoryboardName = LaunchScreen.storyboard;
				INFOPLIST_KEY_UIMainStoryboardFile = "";
				INFOPLIST_KEY_UIStatusBarStyle = "";
				INFOPLIST_KEY_UISupportedInterfaceOrientations = UIInterfaceOrientationPortrait;
				INFOPLIST_KEY_UISupportedInterfaceOrientations_iPad = "UIInterfaceOrientationLandscapeLeft UIInterfaceOrientationLandscapeRight UIInterfaceOrientationPortrait UIInterfaceOrientationPortraitUpsideDown";
				INFOPLIST_KEY_UIUserInterfaceStyle = Light;
				IPHONEOS_DEPLOYMENT_TARGET = 15.0;
				LD_RUNPATH_SEARCH_PATHS = (
					"$(inherited)",
					"@executable_path/Frameworks",
				);
				MARKETING_VERSION = 1.0;
				PRODUCT_BUNDLE_IDENTIFIER = com.hans.HomeRefrigeratorManagement;
				PRODUCT_NAME = "$(TARGET_NAME)";
				SUPPORTED_PLATFORMS = "iphoneos iphonesimulator";
				SUPPORTS_MACCATALYST = NO;
				SUPPORTS_MAC_DESIGNED_FOR_IPHONE_IPAD = NO;
				SWIFT_EMIT_LOC_STRINGS = YES;
				SWIFT_VERSION = 5.0;
				TARGETED_DEVICE_FAMILY = 1;
			};
			name = Debug;
		};
		F7C31D8A2AC2CE30008DAA21 /* Release */ = {
			isa = XCBuildConfiguration;
			buildSettings = {
				ASSETCATALOG_COMPILER_APPICON_NAME = AppIcon;
				ASSETCATALOG_COMPILER_GLOBAL_ACCENT_COLOR_NAME = AccentColor;
				CODE_SIGN_STYLE = Automatic;
				CURRENT_PROJECT_VERSION = 1;
				DEVELOPMENT_TEAM = 2K3Y93YF8Z;
				GENERATE_INFOPLIST_FILE = YES;
				INFOPLIST_FILE = HomeRefrigeratorManagement/Info.plist;
				INFOPLIST_KEY_UIApplicationSupportsIndirectInputEvents = YES;
				INFOPLIST_KEY_UILaunchStoryboardName = LaunchScreen.storyboard;
				INFOPLIST_KEY_UIMainStoryboardFile = "";
				INFOPLIST_KEY_UIStatusBarStyle = "";
				INFOPLIST_KEY_UISupportedInterfaceOrientations = UIInterfaceOrientationPortrait;
				INFOPLIST_KEY_UISupportedInterfaceOrientations_iPad = "UIInterfaceOrientationLandscapeLeft UIInterfaceOrientationLandscapeRight UIInterfaceOrientationPortrait UIInterfaceOrientationPortraitUpsideDown";
				INFOPLIST_KEY_UIUserInterfaceStyle = Light;
				IPHONEOS_DEPLOYMENT_TARGET = 15.0;
				LD_RUNPATH_SEARCH_PATHS = (
					"$(inherited)",
					"@executable_path/Frameworks",
				);
				MARKETING_VERSION = 1.0;
				PRODUCT_BUNDLE_IDENTIFIER = com.hans.HomeRefrigeratorManagement;
				PRODUCT_NAME = "$(TARGET_NAME)";
				SUPPORTED_PLATFORMS = "iphoneos iphonesimulator";
				SUPPORTS_MACCATALYST = NO;
				SUPPORTS_MAC_DESIGNED_FOR_IPHONE_IPAD = NO;
				SWIFT_EMIT_LOC_STRINGS = YES;
				SWIFT_VERSION = 5.0;
				TARGETED_DEVICE_FAMILY = 1;
			};
			name = Release;
		};
/* End XCBuildConfiguration section */

/* Begin XCConfigurationList section */
		F7C31D6F2AC2CE2E008DAA21 /* Build configuration list for PBXProject "HomeRefrigeratorManagement" */ = {
			isa = XCConfigurationList;
			buildConfigurations = (
				F7C31D862AC2CE30008DAA21 /* Debug */,
				F7C31D872AC2CE30008DAA21 /* Release */,
			);
			defaultConfigurationIsVisible = 0;
			defaultConfigurationName = Release;
		};
		F7C31D882AC2CE30008DAA21 /* Build configuration list for PBXNativeTarget "HomeRefrigeratorManagement" */ = {
			isa = XCConfigurationList;
			buildConfigurations = (
				F7C31D892AC2CE30008DAA21 /* Debug */,
				F7C31D8A2AC2CE30008DAA21 /* Release */,
			);
			defaultConfigurationIsVisible = 0;
			defaultConfigurationName = Release;
		};
/* End XCConfigurationList section */

/* Begin XCRemoteSwiftPackageReference section */
		F7289E562AD50CF800E092C6 /* XCRemoteSwiftPackageReference "IQKeyboardManager" */ = {
			isa = XCRemoteSwiftPackageReference;
			repositoryURL = "https://github.com/hackiftekhar/IQKeyboardManager.git";
			requirement = {
				kind = upToNextMajorVersion;
				minimumVersion = 6.0.0;
			};
		};
		F7289E592AD52F4E00E092C6 /* XCRemoteSwiftPackageReference "FSCalendar" */ = {
			isa = XCRemoteSwiftPackageReference;
			repositoryURL = "https://github.com/WenchaoD/FSCalendar.git";
			requirement = {
				kind = exactVersion;
				version = 2.8.4;
			};
		};
		F7610A3B2AD7BDAC00832129 /* XCRemoteSwiftPackageReference "Alamofire" */ = {
			isa = XCRemoteSwiftPackageReference;
			repositoryURL = "https://github.com/Alamofire/Alamofire.git";
			requirement = {
				kind = upToNextMajorVersion;
				minimumVersion = 5.0.0;
			};
		};
		F7610A3E2AD7BDBF00832129 /* XCRemoteSwiftPackageReference "Kingfisher" */ = {
			isa = XCRemoteSwiftPackageReference;
			repositoryURL = "https://github.com/onevcat/Kingfisher.git";
			requirement = {
				kind = upToNextMajorVersion;
				minimumVersion = 7.0.0;
			};
		};
		F78B9B392ADAC1CA00EA61CB /* XCRemoteSwiftPackageReference "Charts" */ = {
			isa = XCRemoteSwiftPackageReference;
			repositoryURL = "https://github.com/danielgindi/Charts.git";
			requirement = {
				kind = upToNextMajorVersion;
				minimumVersion = 5.0.0;
			};
		};
		F7C31D932AC2D3F2008DAA21 /* XCRemoteSwiftPackageReference "SnapKit" */ = {
			isa = XCRemoteSwiftPackageReference;
			repositoryURL = "https://github.com/SnapKit/SnapKit.git";
			requirement = {
				kind = upToNextMajorVersion;
				minimumVersion = 5.0.0;
			};
		};
		F7C31D962AC2D4B6008DAA21 /* XCRemoteSwiftPackageReference "realm-swift" */ = {
			isa = XCRemoteSwiftPackageReference;
			repositoryURL = "https://github.com/realm/realm-swift.git";
			requirement = {
				kind = exactVersion;
				version = 10.42.4;
			};
		};
		F7C31E162ACD36C3008DAA21 /* XCRemoteSwiftPackageReference "firebase-ios-sdk" */ = {
			isa = XCRemoteSwiftPackageReference;
			repositoryURL = "https://github.com/firebase/firebase-ios-sdk";
			requirement = {
				kind = upToNextMajorVersion;
				minimumVersion = 10.0.0;
			};
		};
		F7C31E412AD1625D008DAA21 /* XCRemoteSwiftPackageReference "Toast-Swift" */ = {
			isa = XCRemoteSwiftPackageReference;
			repositoryURL = "https://github.com/scalessec/Toast-Swift.git";
			requirement = {
				kind = upToNextMajorVersion;
				minimumVersion = 5.0.0;
			};
		};
/* End XCRemoteSwiftPackageReference section */

/* Begin XCSwiftPackageProductDependency section */
		F7289E572AD50CF800E092C6 /* IQKeyboardManagerSwift */ = {
			isa = XCSwiftPackageProductDependency;
			package = F7289E562AD50CF800E092C6 /* XCRemoteSwiftPackageReference "IQKeyboardManager" */;
			productName = IQKeyboardManagerSwift;
		};
		F7289E5A2AD52F4E00E092C6 /* FSCalendar */ = {
			isa = XCSwiftPackageProductDependency;
			package = F7289E592AD52F4E00E092C6 /* XCRemoteSwiftPackageReference "FSCalendar" */;
			productName = FSCalendar;
		};
		F7610A3C2AD7BDAC00832129 /* Alamofire */ = {
			isa = XCSwiftPackageProductDependency;
			package = F7610A3B2AD7BDAC00832129 /* XCRemoteSwiftPackageReference "Alamofire" */;
			productName = Alamofire;
		};
		F7610A3F2AD7BDBF00832129 /* Kingfisher */ = {
			isa = XCSwiftPackageProductDependency;
			package = F7610A3E2AD7BDBF00832129 /* XCRemoteSwiftPackageReference "Kingfisher" */;
			productName = Kingfisher;
		};
		F78B9B3A2ADAC1CA00EA61CB /* DGCharts */ = {
			isa = XCSwiftPackageProductDependency;
			package = F78B9B392ADAC1CA00EA61CB /* XCRemoteSwiftPackageReference "Charts" */;
			productName = DGCharts;
		};
		F7C31D942AC2D3F2008DAA21 /* SnapKit */ = {
			isa = XCSwiftPackageProductDependency;
			package = F7C31D932AC2D3F2008DAA21 /* XCRemoteSwiftPackageReference "SnapKit" */;
			productName = SnapKit;
		};
		F7C31D972AC2D4B6008DAA21 /* Realm */ = {
			isa = XCSwiftPackageProductDependency;
			package = F7C31D962AC2D4B6008DAA21 /* XCRemoteSwiftPackageReference "realm-swift" */;
			productName = Realm;
		};
		F7C31D992AC2D4B6008DAA21 /* RealmSwift */ = {
			isa = XCSwiftPackageProductDependency;
			package = F7C31D962AC2D4B6008DAA21 /* XCRemoteSwiftPackageReference "realm-swift" */;
			productName = RealmSwift;
		};
		F7C31E172ACD36C3008DAA21 /* FirebaseAnalyticsWithoutAdIdSupport */ = {
			isa = XCSwiftPackageProductDependency;
			package = F7C31E162ACD36C3008DAA21 /* XCRemoteSwiftPackageReference "firebase-ios-sdk" */;
			productName = FirebaseAnalyticsWithoutAdIdSupport;
		};
		F7C31E192ACD36C3008DAA21 /* FirebaseCrashlytics */ = {
			isa = XCSwiftPackageProductDependency;
			package = F7C31E162ACD36C3008DAA21 /* XCRemoteSwiftPackageReference "firebase-ios-sdk" */;
			productName = FirebaseCrashlytics;
		};
		F7C31E422AD1625D008DAA21 /* Toast */ = {
			isa = XCSwiftPackageProductDependency;
			package = F7C31E412AD1625D008DAA21 /* XCRemoteSwiftPackageReference "Toast-Swift" */;
			productName = Toast;
		};
/* End XCSwiftPackageProductDependency section */
	};
	rootObject = F7C31D6C2AC2CE2E008DAA21 /* Project object */;
}
